PODS:
  - ISHTTPOperation (1.1.0)
  - OHHTTPStubs (3.0.4)

DEPENDENCIES:
  - ISHTTPOperation (~> 1.1.0)
  - OHHTTPStubs (~> 3.0.4)

SPEC CHECKSUMS:
  ISHTTPOperation: dfb362e4f57601549a4793c844c7618fb6ee7f45
  OHHTTPStubs: 32947621778de87d82590d57db44bbf79b5d9168

PODFILE CHECKSUM: a3811f825b70bf9647c59ece2afb55bc9f600970

COCOAPODS: 1.0.0
