<?xml version="1.0" encoding="UTF-8"?>
<!DOCTYPE plist PUBLIC "-//Apple//DTD PLIST 1.0//EN" "http://www.apple.com/DTDs/PropertyList-1.0.dtd">
<plist version="1.0">
<dict>
	<key>archiveVersion</key>
	<string>1</string>
	<key>classes</key>
	<dict/>
	<key>objectVersion</key>
	<string>46</string>
	<key>objects</key>
	<dict>
		<key>3DB505FD6FBE4CF88D3B4541</key>
		<dict>
			<key>includeInIndex</key>
			<string>1</string>
			<key>isa</key>
			<string>PBXFileReference</string>
			<key>lastKnownFileType</key>
			<string>text.xcconfig</string>
			<key>name</key>
			<string>Pods.xcconfig</string>
			<key>path</key>
			<string>../Pods/Pods.xcconfig</string>
			<key>sourceTree</key>
			<string>&lt;group&gt;</string>
		</dict>
		<key>7135D397EF6E4216ACF0B06A</key>
		<dict>
			<key>fileRef</key>
			<string>D6500397054B4D0AADBDF34F</string>
			<key>isa</key>
			<string>PBXBuildFile</string>
		</dict>
		<key>7A2416FAACCD4739BD9AFD1E</key>
		<dict>
			<key>buildActionMask</key>
			<string>2147483647</string>
			<key>files</key>
			<array/>
			<key>inputPaths</key>
			<array/>
			<key>isa</key>
			<string>PBXShellScriptBuildPhase</string>
			<key>name</key>
			<string>Check Pods Manifest.lock</string>
			<key>outputPaths</key>
			<array/>
			<key>runOnlyForDeploymentPostprocessing</key>
			<string>0</string>
			<key>shellPath</key>
			<string>/bin/sh</string>
			<key>shellScript</key>
			<string>diff "${PODS_ROOT}/../Podfile.lock" "${PODS_ROOT}/Manifest.lock" &gt; /dev/null
if [[ $? != 0 ]] ; then
    cat &lt;&lt; EOM
error: The sandbox is not in sync with the Podfile.lock. Run 'pod install' or update your CocoaPods installation.
EOM
    exit 1
fi
</string>
			<key>showEnvVarsInLog</key>
			<string>0</string>
		</dict>
		<key>B577D04CBF12477FAA2F457A</key>
		<dict>
			<key>buildActionMask</key>
			<string>2147483647</string>
			<key>files</key>
			<array/>
			<key>inputPaths</key>
			<array/>
			<key>isa</key>
			<string>PBXShellScriptBuildPhase</string>
			<key>name</key>
			<string>Copy Pods Resources</string>
			<key>outputPaths</key>
			<array/>
			<key>runOnlyForDeploymentPostprocessing</key>
			<string>0</string>
			<key>shellPath</key>
			<string>/bin/sh</string>
			<key>shellScript</key>
			<string>"${SRCROOT}/../Pods/Pods-resources.sh"
</string>
			<key>showEnvVarsInLog</key>
			<string>0</string>
		</dict>
		<key>C714891017C46D8E00713890</key>
		<dict>
			<key>isa</key>
			<string>PBXFileReference</string>
			<key>lastKnownFileType</key>
			<string>compiled.mach-o.dylib</string>
			<key>name</key>
			<string>libstdc++.dylib</string>
			<key>path</key>
			<string>usr/lib/libstdc++.dylib</string>
			<key>sourceTree</key>
			<string>SDKROOT</string>
		</dict>
		<key>C714891117C46D8E00713890</key>
		<dict>
			<key>fileRef</key>
			<string>C714891017C46D8E00713890</string>
			<key>isa</key>
			<string>PBXBuildFile</string>
		</dict>
		<key>C7332E6717B11C3F0070CF56</key>
		<dict>
			<key>fileRef</key>
			<string>C758146D17B0ACDB00927E12</string>
			<key>isa</key>
			<string>PBXBuildFile</string>
		</dict>
		<key>C7549C0E183AEEB30011215C</key>
		<dict>
			<key>isa</key>
			<string>PBXFileReference</string>
			<key>lastKnownFileType</key>
			<string>wrapper.framework</string>
			<key>name</key>
			<string>AudioToolbox.framework</string>
			<key>path</key>
			<string>System/Library/Frameworks/AudioToolbox.framework</string>
			<key>sourceTree</key>
			<string>SDKROOT</string>
		</dict>
		<key>C7549C0F183AEEB30011215C</key>
		<dict>
			<key>isa</key>
			<string>PBXFileReference</string>
			<key>lastKnownFileType</key>
			<string>wrapper.framework</string>
			<key>name</key>
			<string>AudioUnit.framework</string>
			<key>path</key>
			<string>System/Library/Frameworks/AudioUnit.framework</string>
			<key>sourceTree</key>
			<string>SDKROOT</string>
		</dict>
		<key>C7549C12183AEF3B0011215C</key>
		<dict>
			<key>isa</key>
			<string>PBXFileReference</string>
			<key>lastKnownFileType</key>
			<string>wrapper.framework</string>
			<key>name</key>
			<string>AVFoundation.framework</string>
			<key>path</key>
			<string>System/Library/Frameworks/AVFoundation.framework</string>
			<key>sourceTree</key>
			<string>SDKROOT</string>
		</dict>
		<key>C7549C15183AEF7C0011215C</key>
		<dict>
			<key>fileRef</key>
			<string>C7549C0E183AEEB30011215C</string>
			<key>isa</key>
			<string>PBXBuildFile</string>
		</dict>
		<key>C7549C16183AEF9E0011215C</key>
		<dict>
			<key>fileRef</key>
			<string>C7549C12183AEF3B0011215C</string>
			<key>isa</key>
			<string>PBXBuildFile</string>
		</dict>
		<key>C7549C17183AF5F30011215C</key>
		<dict>
			<key>children</key>
			<array>
				<string>C7549C18183AF6670011215C</string>
				<string>C7549C19183AF6670011215C</string>
			</array>
			<key>isa</key>
			<string>PBXGroup</string>
			<key>name</key>
			<string>Resources</string>
			<key>path</key>
			<string>Minimal</string>
			<key>sourceTree</key>
			<string>&lt;group&gt;</string>
		</dict>
		<key>C7549C18183AF6670011215C</key>
		<dict>
			<key>isa</key>
			<string>PBXFileReference</string>
			<key>lastKnownFileType</key>
			<string>image.png</string>
			<key>name</key>
			<string>icn_actionbar_menu.png</string>
			<key>path</key>
			<string>Resources/icn_actionbar_menu.png</string>
			<key>sourceTree</key>
			<string>&lt;group&gt;</string>
		</dict>
		<key>C7549C19183AF6670011215C</key>
		<dict>
			<key>isa</key>
			<string>PBXFileReference</string>
			<key>lastKnownFileType</key>
			<string>image.png</string>
			<key>name</key>
			<string>icn_actionbar_menu@2x.png</string>
			<key>path</key>
			<string>Resources/icn_actionbar_menu@2x.png</string>
			<key>sourceTree</key>
			<string>&lt;group&gt;</string>
		</dict>
		<key>C7549C1A183AF6670011215C</key>
		<dict>
			<key>fileRef</key>
			<string>C7549C18183AF6670011215C</string>
			<key>isa</key>
			<string>PBXBuildFile</string>
		</dict>
		<key>C7549C1B183AF6670011215C</key>
		<dict>
			<key>fileRef</key>
			<string>C7549C19183AF6670011215C</string>
			<key>isa</key>
			<string>PBXBuildFile</string>
		</dict>
		<key>C758143C17B0AB9200927E12</key>
		<dict>
			<key>children</key>
			<array>
				<string>C758144E17B0AB9200927E12</string>
				<string>C7549C17183AF5F30011215C</string>
				<string>C758144717B0AB9200927E12</string>
				<string>C758144617B0AB9200927E12</string>
				<string>3DB505FD6FBE4CF88D3B4541</string>
			</array>
			<key>isa</key>
			<string>PBXGroup</string>
			<key>sourceTree</key>
			<string>&lt;group&gt;</string>
		</dict>
		<key>C758143D17B0AB9200927E12</key>
		<dict>
			<key>attributes</key>
			<dict>
				<key>CLASSPREFIX</key>
				<string>MM</string>
				<key>LastUpgradeCheck</key>
				<string>0460</string>
				<key>ORGANIZATIONNAME</key>
				<string>KAYAC Inc.</string>
			</dict>
			<key>buildConfigurationList</key>
			<string>C758144017B0AB9200927E12</string>
			<key>compatibilityVersion</key>
			<string>Xcode 3.2</string>
			<key>developmentRegion</key>
			<string>English</string>
			<key>hasScannedForEncodings</key>
			<string>0</string>
			<key>isa</key>
			<string>PBXProject</string>
			<key>knownRegions</key>
			<array>
				<string>en</string>
			</array>
			<key>mainGroup</key>
			<string>C758143C17B0AB9200927E12</string>
			<key>productRefGroup</key>
			<string>C758144617B0AB9200927E12</string>
			<key>projectDirPath</key>
			<string></string>
			<key>projectReferences</key>
			<array/>
			<key>projectRoot</key>
			<string></string>
			<key>targets</key>
			<array>
				<string>C758144417B0AB9200927E12</string>
			</array>
		</dict>
		<key>C758144017B0AB9200927E12</key>
		<dict>
			<key>buildConfigurations</key>
			<array>
				<string>C758146617B0AB9200927E12</string>
				<string>C758146717B0AB9200927E12</string>
			</array>
			<key>defaultConfigurationIsVisible</key>
			<string>0</string>
			<key>defaultConfigurationName</key>
			<string>Release</string>
			<key>isa</key>
			<string>XCConfigurationList</string>
		</dict>
		<key>C758144117B0AB9200927E12</key>
		<dict>
			<key>buildActionMask</key>
			<string>2147483647</string>
			<key>files</key>
			<array>
				<string>C758145517B0AB9200927E12</string>
				<string>C758145917B0AB9200927E12</string>
				<string>C758146517B0AB9200927E12</string>
				<string>C758147117B0ADCC00927E12</string>
			</array>
			<key>isa</key>
			<string>PBXSourcesBuildPhase</string>
			<key>runOnlyForDeploymentPostprocessing</key>
			<string>0</string>
		</dict>
		<key>C758144217B0AB9200927E12</key>
		<dict>
			<key>buildActionMask</key>
			<string>2147483647</string>
			<key>files</key>
			<array>
				<string>C7549C16183AEF9E0011215C</string>
				<string>C7549C15183AEF7C0011215C</string>
				<string>C714891117C46D8E00713890</string>
				<string>C758146C17B0ACA100927E12</string>
				<string>C758144917B0AB9200927E12</string>
				<string>C758144B17B0AB9200927E12</string>
				<string>C758144D17B0AB9200927E12</string>
				<string>7135D397EF6E4216ACF0B06A</string>
			</array>
			<key>isa</key>
			<string>PBXFrameworksBuildPhase</string>
			<key>runOnlyForDeploymentPostprocessing</key>
			<string>0</string>
		</dict>
		<key>C758144317B0AB9200927E12</key>
		<dict>
			<key>buildActionMask</key>
			<string>2147483647</string>
			<key>files</key>
			<array>
				<string>C758145317B0AB9200927E12</string>
				<string>C758145B17B0AB9200927E12</string>
				<string>C7549C1A183AF6670011215C</string>
				<string>C758145D17B0AB9200927E12</string>
				<string>C758145F17B0AB9200927E12</string>
				<string>C758146217B0AB9200927E12</string>
				<string>C7549C1B183AF6670011215C</string>
				<string>C7332E6717B11C3F0070CF56</string>
			</array>
			<key>isa</key>
			<string>PBXResourcesBuildPhase</string>
			<key>runOnlyForDeploymentPostprocessing</key>
			<string>0</string>
		</dict>
		<key>C758144417B0AB9200927E12</key>
		<dict>
			<key>buildConfigurationList</key>
			<string>C758146817B0AB9200927E12</string>
			<key>buildPhases</key>
			<array>
				<string>7A2416FAACCD4739BD9AFD1E</string>
				<string>C758144117B0AB9200927E12</string>
				<string>C758144217B0AB9200927E12</string>
				<string>C758144317B0AB9200927E12</string>
				<string>B577D04CBF12477FAA2F457A</string>
			</array>
			<key>buildRules</key>
			<array/>
			<key>dependencies</key>
			<array/>
			<key>isa</key>
			<string>PBXNativeTarget</string>
			<key>name</key>
			<string>Minimal</string>
			<key>productName</key>
			<string>Minimal</string>
			<key>productReference</key>
			<string>C758144517B0AB9200927E12</string>
			<key>productType</key>
			<string>com.apple.product-type.application</string>
		</dict>
		<key>C758144517B0AB9200927E12</key>
		<dict>
			<key>explicitFileType</key>
			<string>wrapper.application</string>
			<key>includeInIndex</key>
			<string>0</string>
			<key>isa</key>
			<string>PBXFileReference</string>
			<key>path</key>
			<string>Minimal.app</string>
			<key>sourceTree</key>
			<string>BUILT_PRODUCTS_DIR</string>
		</dict>
		<key>C758144617B0AB9200927E12</key>
		<dict>
			<key>children</key>
			<array>
				<string>C758144517B0AB9200927E12</string>
			</array>
			<key>isa</key>
			<string>PBXGroup</string>
			<key>name</key>
			<string>Products</string>
			<key>sourceTree</key>
			<string>&lt;group&gt;</string>
		</dict>
		<key>C758144717B0AB9200927E12</key>
		<dict>
			<key>children</key>
			<array>
				<string>C7549C12183AEF3B0011215C</string>
				<string>C7549C0E183AEEB30011215C</string>
				<string>C7549C0F183AEEB30011215C</string>
				<string>C714891017C46D8E00713890</string>
				<string>C758146B17B0ACA100927E12</string>
				<string>C758146D17B0ACDB00927E12</string>
				<string>C758144817B0AB9200927E12</string>
				<string>C758144A17B0AB9200927E12</string>
				<string>C758144C17B0AB9200927E12</string>
				<string>D6500397054B4D0AADBDF34F</string>
			</array>
			<key>isa</key>
			<string>PBXGroup</string>
			<key>name</key>
			<string>Frameworks</string>
			<key>sourceTree</key>
			<string>&lt;group&gt;</string>
		</dict>
		<key>C758144817B0AB9200927E12</key>
		<dict>
			<key>isa</key>
			<string>PBXFileReference</string>
			<key>lastKnownFileType</key>
			<string>wrapper.framework</string>
			<key>name</key>
			<string>UIKit.framework</string>
			<key>path</key>
			<string>System/Library/Frameworks/UIKit.framework</string>
			<key>sourceTree</key>
			<string>SDKROOT</string>
		</dict>
		<key>C758144917B0AB9200927E12</key>
		<dict>
			<key>fileRef</key>
			<string>C758144817B0AB9200927E12</string>
			<key>isa</key>
			<string>PBXBuildFile</string>
		</dict>
		<key>C758144A17B0AB9200927E12</key>
		<dict>
			<key>isa</key>
			<string>PBXFileReference</string>
			<key>lastKnownFileType</key>
			<string>wrapper.framework</string>
			<key>name</key>
			<string>Foundation.framework</string>
			<key>path</key>
			<string>System/Library/Frameworks/Foundation.framework</string>
			<key>sourceTree</key>
			<string>SDKROOT</string>
		</dict>
		<key>C758144B17B0AB9200927E12</key>
		<dict>
			<key>fileRef</key>
			<string>C758144A17B0AB9200927E12</string>
			<key>isa</key>
			<string>PBXBuildFile</string>
		</dict>
		<key>C758144C17B0AB9200927E12</key>
		<dict>
			<key>isa</key>
			<string>PBXFileReference</string>
			<key>lastKnownFileType</key>
			<string>wrapper.framework</string>
			<key>name</key>
			<string>CoreGraphics.framework</string>
			<key>path</key>
			<string>System/Library/Frameworks/CoreGraphics.framework</string>
			<key>sourceTree</key>
			<string>SDKROOT</string>
		</dict>
		<key>C758144D17B0AB9200927E12</key>
		<dict>
			<key>fileRef</key>
			<string>C758144C17B0AB9200927E12</string>
			<key>isa</key>
			<string>PBXBuildFile</string>
		</dict>
		<key>C758144E17B0AB9200927E12</key>
		<dict>
			<key>children</key>
			<array>
				<string>C758145717B0AB9200927E12</string>
				<string>C758145817B0AB9200927E12</string>
				<string>C758146317B0AB9200927E12</string>
				<string>C758146417B0AB9200927E12</string>
				<string>C758146017B0AB9200927E12</string>
				<string>C758144F17B0AB9200927E12</string>
			</array>
			<key>isa</key>
			<string>PBXGroup</string>
			<key>path</key>
			<string>Minimal</string>
			<key>sourceTree</key>
			<string>&lt;group&gt;</string>
		</dict>
		<key>C758144F17B0AB9200927E12</key>
		<dict>
			<key>children</key>
			<array>
				<string>C758146F17B0ADCC00927E12</string>
				<string>C758147017B0ADCC00927E12</string>
				<string>C758145017B0AB9200927E12</string>
				<string>C758145117B0AB9200927E12</string>
				<string>C758145417B0AB9200927E12</string>
				<string>C758145617B0AB9200927E12</string>
				<string>C758145A17B0AB9200927E12</string>
				<string>C758145C17B0AB9200927E12</string>
				<string>C758145E17B0AB9200927E12</string>
			</array>
			<key>isa</key>
			<string>PBXGroup</string>
			<key>name</key>
			<string>Supporting Files</string>
			<key>sourceTree</key>
			<string>&lt;group&gt;</string>
		</dict>
		<key>C758145017B0AB9200927E12</key>
		<dict>
			<key>isa</key>
			<string>PBXFileReference</string>
			<key>lastKnownFileType</key>
			<string>text.plist.xml</string>
			<key>path</key>
			<string>Minimal-Info.plist</string>
			<key>sourceTree</key>
			<string>&lt;group&gt;</string>
		</dict>
		<key>C758145117B0AB9200927E12</key>
		<dict>
			<key>children</key>
			<array>
				<string>C758145217B0AB9200927E12</string>
			</array>
			<key>isa</key>
			<string>PBXVariantGroup</string>
			<key>name</key>
			<string>InfoPlist.strings</string>
			<key>sourceTree</key>
			<string>&lt;group&gt;</string>
		</dict>
		<key>C758145217B0AB9200927E12</key>
		<dict>
			<key>isa</key>
			<string>PBXFileReference</string>
			<key>lastKnownFileType</key>
			<string>text.plist.strings</string>
			<key>name</key>
			<string>en</string>
			<key>path</key>
			<string>en.lproj/InfoPlist.strings</string>
			<key>sourceTree</key>
			<string>&lt;group&gt;</string>
		</dict>
		<key>C758145317B0AB9200927E12</key>
		<dict>
			<key>fileRef</key>
			<string>C758145117B0AB9200927E12</string>
			<key>isa</key>
			<string>PBXBuildFile</string>
		</dict>
		<key>C758145417B0AB9200927E12</key>
		<dict>
			<key>isa</key>
			<string>PBXFileReference</string>
			<key>lastKnownFileType</key>
			<string>sourcecode.c.objc</string>
			<key>path</key>
			<string>main.m</string>
			<key>sourceTree</key>
			<string>&lt;group&gt;</string>
		</dict>
		<key>C758145517B0AB9200927E12</key>
		<dict>
			<key>fileRef</key>
			<string>C758145417B0AB9200927E12</string>
			<key>isa</key>
			<string>PBXBuildFile</string>
		</dict>
		<key>C758145617B0AB9200927E12</key>
		<dict>
			<key>isa</key>
			<string>PBXFileReference</string>
			<key>lastKnownFileType</key>
			<string>sourcecode.c.h</string>
			<key>path</key>
			<string>Minimal-Prefix.pch</string>
			<key>sourceTree</key>
			<string>&lt;group&gt;</string>
		</dict>
		<key>C758145717B0AB9200927E12</key>
		<dict>
			<key>isa</key>
			<string>PBXFileReference</string>
			<key>lastKnownFileType</key>
			<string>sourcecode.c.h</string>
			<key>path</key>
			<string>MMAppDelegate.h</string>
			<key>sourceTree</key>
			<string>&lt;group&gt;</string>
		</dict>
		<key>C758145817B0AB9200927E12</key>
		<dict>
			<key>isa</key>
			<string>PBXFileReference</string>
			<key>lastKnownFileType</key>
			<string>sourcecode.c.objc</string>
			<key>path</key>
			<string>MMAppDelegate.m</string>
			<key>sourceTree</key>
			<string>&lt;group&gt;</string>
		</dict>
		<key>C758145917B0AB9200927E12</key>
		<dict>
			<key>fileRef</key>
			<string>C758145817B0AB9200927E12</string>
			<key>isa</key>
			<string>PBXBuildFile</string>
		</dict>
		<key>C758145A17B0AB9200927E12</key>
		<dict>
			<key>isa</key>
			<string>PBXFileReference</string>
			<key>lastKnownFileType</key>
			<string>image.png</string>
			<key>path</key>
			<string>Default.png</string>
			<key>sourceTree</key>
			<string>&lt;group&gt;</string>
		</dict>
		<key>C758145B17B0AB9200927E12</key>
		<dict>
			<key>fileRef</key>
			<string>C758145A17B0AB9200927E12</string>
			<key>isa</key>
			<string>PBXBuildFile</string>
		</dict>
		<key>C758145C17B0AB9200927E12</key>
		<dict>
			<key>isa</key>
			<string>PBXFileReference</string>
			<key>lastKnownFileType</key>
			<string>image.png</string>
			<key>path</key>
			<string>Default@2x.png</string>
			<key>sourceTree</key>
			<string>&lt;group&gt;</string>
		</dict>
		<key>C758145D17B0AB9200927E12</key>
		<dict>
			<key>fileRef</key>
			<string>C758145C17B0AB9200927E12</string>
			<key>isa</key>
			<string>PBXBuildFile</string>
		</dict>
		<key>C758145E17B0AB9200927E12</key>
		<dict>
			<key>isa</key>
			<string>PBXFileReference</string>
			<key>lastKnownFileType</key>
			<string>image.png</string>
			<key>path</key>
			<string>Default-568h@2x.png</string>
			<key>sourceTree</key>
			<string>&lt;group&gt;</string>
		</dict>
		<key>C758145F17B0AB9200927E12</key>
		<dict>
			<key>fileRef</key>
			<string>C758145E17B0AB9200927E12</string>
			<key>isa</key>
			<string>PBXBuildFile</string>
		</dict>
		<key>C758146017B0AB9200927E12</key>
		<dict>
			<key>children</key>
			<array>
				<string>C758146117B0AB9200927E12</string>
			</array>
			<key>isa</key>
			<string>PBXVariantGroup</string>
			<key>name</key>
			<string>MainStoryboard.storyboard</string>
			<key>sourceTree</key>
			<string>&lt;group&gt;</string>
		</dict>
		<key>C758146117B0AB9200927E12</key>
		<dict>
			<key>isa</key>
			<string>PBXFileReference</string>
			<key>lastKnownFileType</key>
			<string>file.storyboard</string>
			<key>name</key>
			<string>en</string>
			<key>path</key>
			<string>en.lproj/MainStoryboard.storyboard</string>
			<key>sourceTree</key>
			<string>&lt;group&gt;</string>
		</dict>
		<key>C758146217B0AB9200927E12</key>
		<dict>
			<key>fileRef</key>
			<string>C758146017B0AB9200927E12</string>
			<key>isa</key>
			<string>PBXBuildFile</string>
		</dict>
		<key>C758146317B0AB9200927E12</key>
		<dict>
			<key>isa</key>
			<string>PBXFileReference</string>
			<key>lastKnownFileType</key>
			<string>sourcecode.c.h</string>
			<key>path</key>
			<string>MMViewController.h</string>
			<key>sourceTree</key>
			<string>&lt;group&gt;</string>
		</dict>
		<key>C758146417B0AB9200927E12</key>
		<dict>
			<key>isa</key>
			<string>PBXFileReference</string>
			<key>lastKnownFileType</key>
			<string>sourcecode.c.objc</string>
			<key>path</key>
			<string>MMViewController.m</string>
			<key>sourceTree</key>
			<string>&lt;group&gt;</string>
		</dict>
		<key>C758146517B0AB9200927E12</key>
		<dict>
			<key>fileRef</key>
			<string>C758146417B0AB9200927E12</string>
			<key>isa</key>
			<string>PBXBuildFile</string>
		</dict>
		<key>C758146617B0AB9200927E12</key>
		<dict>
			<key>buildSettings</key>
			<dict>
				<key>ALWAYS_SEARCH_USER_PATHS</key>
				<string>NO</string>
				<key>CLANG_CXX_LANGUAGE_STANDARD</key>
				<string>gnu++0x</string>
				<key>CLANG_CXX_LIBRARY</key>
				<string>libc++</string>
				<key>CLANG_ENABLE_OBJC_ARC</key>
				<string>YES</string>
				<key>CLANG_WARN_CONSTANT_CONVERSION</key>
				<string>YES</string>
				<key>CLANG_WARN_EMPTY_BODY</key>
				<string>YES</string>
				<key>CLANG_WARN_ENUM_CONVERSION</key>
				<string>YES</string>
				<key>CLANG_WARN_INT_CONVERSION</key>
				<string>YES</string>
				<key>CLANG_WARN__DUPLICATE_METHOD_MATCH</key>
				<string>YES</string>
				<key>CODE_SIGN_IDENTITY[sdk=iphoneos*]</key>
				<string>iPhone Developer</string>
				<key>COPY_PHASE_STRIP</key>
				<string>NO</string>
				<key>GCC_C_LANGUAGE_STANDARD</key>
				<string>gnu99</string>
				<key>GCC_DYNAMIC_NO_PIC</key>
				<string>NO</string>
				<key>GCC_OPTIMIZATION_LEVEL</key>
				<string>0</string>
				<key>GCC_PREPROCESSOR_DEFINITIONS</key>
				<array>
					<string>DEBUG=1</string>
					<string>$(inherited)</string>
				</array>
				<key>GCC_SYMBOLS_PRIVATE_EXTERN</key>
				<string>NO</string>
				<key>GCC_WARN_ABOUT_RETURN_TYPE</key>
				<string>YES</string>
				<key>GCC_WARN_UNINITIALIZED_AUTOS</key>
				<string>YES</string>
				<key>GCC_WARN_UNUSED_VARIABLE</key>
				<string>YES</string>
				<key>IPHONEOS_DEPLOYMENT_TARGET</key>
				<string>6.1</string>
				<key>ONLY_ACTIVE_ARCH</key>
				<string>YES</string>
				<key>SDKROOT</key>
				<string>iphoneos</string>
			</dict>
			<key>isa</key>
			<string>XCBuildConfiguration</string>
			<key>name</key>
			<string>Debug</string>
		</dict>
		<key>C758146717B0AB9200927E12</key>
		<dict>
			<key>buildSettings</key>
			<dict>
				<key>ALWAYS_SEARCH_USER_PATHS</key>
				<string>NO</string>
				<key>CLANG_CXX_LANGUAGE_STANDARD</key>
				<string>gnu++0x</string>
				<key>CLANG_CXX_LIBRARY</key>
				<string>libc++</string>
				<key>CLANG_ENABLE_OBJC_ARC</key>
				<string>YES</string>
				<key>CLANG_WARN_CONSTANT_CONVERSION</key>
				<string>YES</string>
				<key>CLANG_WARN_EMPTY_BODY</key>
				<string>YES</string>
				<key>CLANG_WARN_ENUM_CONVERSION</key>
				<string>YES</string>
				<key>CLANG_WARN_INT_CONVERSION</key>
				<string>YES</string>
				<key>CLANG_WARN__DUPLICATE_METHOD_MATCH</key>
				<string>YES</string>
				<key>CODE_SIGN_IDENTITY[sdk=iphoneos*]</key>
				<string>iPhone Developer</string>
				<key>COPY_PHASE_STRIP</key>
				<string>YES</string>
				<key>GCC_C_LANGUAGE_STANDARD</key>
				<string>gnu99</string>
				<key>GCC_WARN_ABOUT_RETURN_TYPE</key>
				<string>YES</string>
				<key>GCC_WARN_UNINITIALIZED_AUTOS</key>
				<string>YES</string>
				<key>GCC_WARN_UNUSED_VARIABLE</key>
				<string>YES</string>
				<key>IPHONEOS_DEPLOYMENT_TARGET</key>
				<string>6.1</string>
				<key>OTHER_CFLAGS</key>
				<string>-DNS_BLOCK_ASSERTIONS=1</string>
				<key>SDKROOT</key>
				<string>iphoneos</string>
				<key>VALIDATE_PRODUCT</key>
				<string>YES</string>
			</dict>
			<key>isa</key>
			<string>XCBuildConfiguration</string>
			<key>name</key>
			<string>Release</string>
		</dict>
		<key>C758146817B0AB9200927E12</key>
		<dict>
			<key>buildConfigurations</key>
			<array>
				<string>C758146917B0AB9200927E12</string>
				<string>C758146A17B0AB9200927E12</string>
			</array>
			<key>defaultConfigurationIsVisible</key>
			<string>0</string>
			<key>defaultConfigurationName</key>
			<string>Release</string>
			<key>isa</key>
			<string>XCConfigurationList</string>
		</dict>
		<key>C758146917B0AB9200927E12</key>
		<dict>
			<key>baseConfigurationReference</key>
			<string>3DB505FD6FBE4CF88D3B4541</string>
			<key>buildSettings</key>
			<dict>
				<key>GCC_PRECOMPILE_PREFIX_HEADER</key>
				<string>YES</string>
				<key>GCC_PREFIX_HEADER</key>
				<string>Minimal/Minimal-Prefix.pch</string>
				<key>INFOPLIST_FILE</key>
				<string>Minimal/Minimal-Info.plist</string>
				<key>IPHONEOS_DEPLOYMENT_TARGET</key>
				<string>7.0</string>
				<key>LIBRARY_SEARCH_PATHS</key>
				<string>$(inherited)</string>
				<key>PRODUCT_NAME</key>
				<string>$(TARGET_NAME)</string>
				<key>WRAPPER_EXTENSION</key>
				<string>app</string>
			</dict>
			<key>isa</key>
			<string>XCBuildConfiguration</string>
			<key>name</key>
			<string>Debug</string>
		</dict>
		<key>C758146A17B0AB9200927E12</key>
		<dict>
			<key>baseConfigurationReference</key>
			<string>3DB505FD6FBE4CF88D3B4541</string>
			<key>buildSettings</key>
			<dict>
				<key>GCC_PRECOMPILE_PREFIX_HEADER</key>
				<string>YES</string>
				<key>GCC_PREFIX_HEADER</key>
				<string>Minimal/Minimal-Prefix.pch</string>
				<key>INFOPLIST_FILE</key>
				<string>Minimal/Minimal-Info.plist</string>
				<key>IPHONEOS_DEPLOYMENT_TARGET</key>
				<string>7.0</string>
				<key>LIBRARY_SEARCH_PATHS</key>
				<string>$(inherited)</string>
				<key>PRODUCT_NAME</key>
				<string>$(TARGET_NAME)</string>
				<key>WRAPPER_EXTENSION</key>
				<string>app</string>
			</dict>
			<key>isa</key>
			<string>XCBuildConfiguration</string>
			<key>name</key>
			<string>Release</string>
		</dict>
		<key>C758146B17B0ACA100927E12</key>
		<dict>
			<key>isa</key>
			<string>PBXFileReference</string>
			<key>lastKnownFileType</key>
			<string>archive.ar</string>
			<key>path</key>
			<string>libIRKit.a</string>
			<key>sourceTree</key>
			<string>BUILT_PRODUCTS_DIR</string>
		</dict>
		<key>C758146C17B0ACA100927E12</key>
		<dict>
			<key>fileRef</key>
			<string>C758146B17B0ACA100927E12</string>
			<key>isa</key>
			<string>PBXBuildFile</string>
		</dict>
		<key>C758146D17B0ACDB00927E12</key>
		<dict>
			<key>explicitFileType</key>
			<string>wrapper.cfbundle</string>
			<key>isa</key>
			<string>PBXFileReference</string>
			<key>path</key>
			<string>IRKitResources.bundle</string>
			<key>sourceTree</key>
			<string>BUILT_PRODUCTS_DIR</string>
		</dict>
		<key>C758146F17B0ADCC00927E12</key>
		<dict>
			<key>fileEncoding</key>
			<string>4</string>
			<key>isa</key>
			<string>PBXFileReference</string>
			<key>lastKnownFileType</key>
			<string>sourcecode.c.objc</string>
			<key>path</key>
			<string>Log.m</string>
			<key>sourceTree</key>
			<string>&lt;group&gt;</string>
		</dict>
		<key>C758147017B0ADCC00927E12</key>
		<dict>
			<key>fileEncoding</key>
			<string>4</string>
			<key>isa</key>
			<string>PBXFileReference</string>
			<key>lastKnownFileType</key>
			<string>sourcecode.c.h</string>
			<key>path</key>
			<string>Log.h</string>
			<key>sourceTree</key>
			<string>&lt;group&gt;</string>
		</dict>
		<key>C758147117B0ADCC00927E12</key>
		<dict>
			<key>fileRef</key>
			<string>C758146F17B0ADCC00927E12</string>
			<key>isa</key>
			<string>PBXBuildFile</string>
		</dict>
		<key>D6500397054B4D0AADBDF34F</key>
		<dict>
			<key>explicitFileType</key>
			<string>archive.ar</string>
			<key>includeInIndex</key>
			<string>0</string>
			<key>isa</key>
			<string>PBXFileReference</string>
			<key>path</key>
			<string>libPods.a</string>
			<key>sourceTree</key>
			<string>BUILT_PRODUCTS_DIR</string>
		</dict>
	</dict>
	<key>rootObject</key>
	<string>C758143D17B0AB9200927E12</string>
</dict>
</plist>
