// !$*UTF8*$!
{
	archiveVersion = 1;
	classes = {
	};
	objectVersion = 46;
	objects = {

/* Begin PBXBuildFile section */
		C701BEBC182B9F5C00C31F4B /* IRWifiSecuritySelectViewController.xib in Resources */ = {isa = PBXBuildFile; fileRef = C701BEBB182B9F5C00C31F4B /* IRWifiSecuritySelectViewController.xib */; };
		C701BEBF182B9F6D00C31F4B /* IRWifiSecuritySelectViewController.m in Sources */ = {isa = PBXBuildFile; fileRef = C701BEBD182B9F6D00C31F4B /* IRWifiSecuritySelectViewController.m */; };
		C701BEC2182BA72C00C31F4B /* IRKeys.m in Sources */ = {isa = PBXBuildFile; fileRef = C701BEC1182BA72C00C31F4B /* IRKeys.m */; };
		C703E828183DFA6900B8446C /* IRHTTPClient.m in Sources */ = {isa = PBXBuildFile; fileRef = C703E827183DFA6900B8446C /* IRHTTPClient.m */; };
		C703E82A183E0DD900B8446C /* CRC8.c in Sources */ = {isa = PBXBuildFile; fileRef = C703E829183E0DD900B8446C /* CRC8.c */; };
		C707ECCF184C7C6E00AC5F0B /* icn_navibar_menu@2x.png in Resources */ = {isa = PBXBuildFile; fileRef = C707ECC9184C7C6D00AC5F0B /* icn_navibar_menu@2x.png */; };
		C707ECD0184C7C6E00AC5F0B /* icn_check2@2x.png in Resources */ = {isa = PBXBuildFile; fileRef = C707ECCA184C7C6D00AC5F0B /* icn_check2@2x.png */; };
		C707ECD1184C7C6E00AC5F0B /* icn_navibar_add@2x.png in Resources */ = {isa = PBXBuildFile; fileRef = C707ECCB184C7C6D00AC5F0B /* icn_navibar_add@2x.png */; };
		C707ECD2184C7C6E00AC5F0B /* icn_navibar_back@2x.png in Resources */ = {isa = PBXBuildFile; fileRef = C707ECCC184C7C6D00AC5F0B /* icn_navibar_back@2x.png */; };
		C707ECD3184C7C6E00AC5F0B /* icn_navibar_cancel@2x.png in Resources */ = {isa = PBXBuildFile; fileRef = C707ECCD184C7C6D00AC5F0B /* icn_navibar_cancel@2x.png */; };
		C707ECD4184C7C6E00AC5F0B /* icn_navibar_camera@2x.png in Resources */ = {isa = PBXBuildFile; fileRef = C707ECCE184C7C6E00AC5F0B /* icn_navibar_camera@2x.png */; };
		C707ECD6184C84CE00AC5F0B /* img_prepare3@2x.png in Resources */ = {isa = PBXBuildFile; fileRef = C707ECD5184C84CE00AC5F0B /* img_prepare3@2x.png */; };
		C71B7C5D18443633009F8D20 /* IRSearcher.h in CopyFiles */ = {isa = PBXBuildFile; fileRef = C79C5947183F5E49002136CD /* IRSearcher.h */; };
		C71D909917977D2200CEC73F /* CoreFoundation.framework in Frameworks */ = {isa = PBXBuildFile; fileRef = C7C7A317176F0FC400C9A62F /* CoreFoundation.framework */; };
		C71D909F17977D2200CEC73F /* InfoPlist.strings in Resources */ = {isa = PBXBuildFile; fileRef = C71D909D17977D2200CEC73F /* InfoPlist.strings */; };
		C71D90A617977D6A00CEC73F /* IRKitTests.m in Sources */ = {isa = PBXBuildFile; fileRef = C71D90A417977D6A00CEC73F /* IRKitTests.m */; };
		C71D90A71797809200CEC73F /* SenTestingKit.framework in Frameworks */ = {isa = PBXBuildFile; fileRef = C752D71017462C7B008B644A /* SenTestingKit.framework */; };
		C71D90AA1797862300CEC73F /* IRHelperTests.m in Sources */ = {isa = PBXBuildFile; fileRef = C71D90A91797862300CEC73F /* IRHelperTests.m */; };
		C71D90AD17978B1700CEC73F /* libIRKit.a in Frameworks */ = {isa = PBXBuildFile; fileRef = C752D6FE17462C7B008B644A /* libIRKit.a */; };
		C71D90AE17978B2E00CEC73F /* UIKit.framework in Frameworks */ = {isa = PBXBuildFile; fileRef = C79DE3B3176F20B50088679E /* UIKit.framework */; };
		C721651D18521C80000BD43D /* Localizable.strings in Resources */ = {isa = PBXBuildFile; fileRef = C721651B18521C80000BD43D /* Localizable.strings */; };
		C735040E17A029C30057D51B /* UIKit.framework in Frameworks */ = {isa = PBXBuildFile; fileRef = C79DE3B3176F20B50088679E /* UIKit.framework */; };
		C735040F17A029C30057D51B /* Foundation.framework in Frameworks */ = {isa = PBXBuildFile; fileRef = C752D70117462C7B008B644A /* Foundation.framework */; };
		C735041017A029C30057D51B /* CoreGraphics.framework in Frameworks */ = {isa = PBXBuildFile; fileRef = C79DE3B1176F20A30088679E /* CoreGraphics.framework */; };
		C735041617A029C40057D51B /* InfoPlist.strings in Resources */ = {isa = PBXBuildFile; fileRef = C735041417A029C40057D51B /* InfoPlist.strings */; };
		C735041817A029C40057D51B /* main.m in Sources */ = {isa = PBXBuildFile; fileRef = C735041717A029C40057D51B /* main.m */; };
		C735041C17A029C40057D51B /* IRAppDelegate.m in Sources */ = {isa = PBXBuildFile; fileRef = C735041B17A029C40057D51B /* IRAppDelegate.m */; };
		C735041E17A029C40057D51B /* Default.png in Resources */ = {isa = PBXBuildFile; fileRef = C735041D17A029C40057D51B /* Default.png */; };
		C735042017A029C40057D51B /* Default@2x.png in Resources */ = {isa = PBXBuildFile; fileRef = C735041F17A029C40057D51B /* Default@2x.png */; };
		C735042217A029C40057D51B /* Default-568h@2x.png in Resources */ = {isa = PBXBuildFile; fileRef = C735042117A029C40057D51B /* Default-568h@2x.png */; };
		C735042517A029C40057D51B /* MainStoryboard.storyboard in Resources */ = {isa = PBXBuildFile; fileRef = C735042317A029C40057D51B /* MainStoryboard.storyboard */; };
		C735042E17A02B0D0057D51B /* IRSamplesTableViewController.m in Sources */ = {isa = PBXBuildFile; fileRef = C735042D17A02B0D0057D51B /* IRSamplesTableViewController.m */; };
		C735042F17A0304A0057D51B /* CoreBluetooth.framework in Frameworks */ = {isa = PBXBuildFile; fileRef = C7FAB01E17467A5400125BCB /* CoreBluetooth.framework */; };
		C735043217A030A60057D51B /* libIRKit.a in Frameworks */ = {isa = PBXBuildFile; fileRef = C752D6FE17462C7B008B644A /* libIRKit.a */; };
		C735043517A0341D0057D51B /* IRKitResources.bundle in Resources */ = {isa = PBXBuildFile; fileRef = C79DE3B9176F25260088679E /* IRKitResources.bundle */; };
		C73CB4D717856B5C00B3F2C0 /* IRPeripheralWriteOperation.m in Sources */ = {isa = PBXBuildFile; fileRef = C73CB4D617856B5B00B3F2C0 /* IRPeripheralWriteOperation.m */; };
		C73CB4DA17856CC200B3F2C0 /* IRPeripheralWriteOperationQueue.m in Sources */ = {isa = PBXBuildFile; fileRef = C73CB4D917856CC100B3F2C0 /* IRPeripheralWriteOperationQueue.m */; };
		C73E37E1174B8EB100872C04 /* IRChartView.m in Sources */ = {isa = PBXBuildFile; fileRef = C73E37E0174B8EB100872C04 /* IRChartView.m */; };
		C73E37E4174DB9AE00872C04 /* IRPersistentStore.m in Sources */ = {isa = PBXBuildFile; fileRef = C73E37E3174DB9AE00872C04 /* IRPersistentStore.m */; };
		C73E37E7174DF20300872C04 /* IRHelper.m in Sources */ = {isa = PBXBuildFile; fileRef = C73E37E6174DF20300872C04 /* IRHelper.m */; };
		C752D70217462C7B008B644A /* Foundation.framework in Frameworks */ = {isa = PBXBuildFile; fileRef = C752D70117462C7B008B644A /* Foundation.framework */; };
		C752D70717462C7B008B644A /* IRKit.h in CopyFiles */ = {isa = PBXBuildFile; fileRef = C752D70617462C7B008B644A /* IRKit.h */; };
		C752D70917462C7B008B644A /* IRKit.m in Sources */ = {isa = PBXBuildFile; fileRef = C752D70817462C7B008B644A /* IRKit.m */; };
		C7554F1B1749D61A00BDF920 /* IRConst.h in CopyFiles */ = {isa = PBXBuildFile; fileRef = C7FAB0251746889000125BCB /* IRConst.h */; };
		C7554F1E1749D84C00BDF920 /* IRFunc.m in Sources */ = {isa = PBXBuildFile; fileRef = C7554F1D1749D84C00BDF920 /* IRFunc.m */; };
		C7554F321749E65B00BDF920 /* IRPeripheral.m in Sources */ = {isa = PBXBuildFile; fileRef = C7554F311749E65B00BDF920 /* IRPeripheral.m */; };
		C7554F421749F2E000BDF920 /* IRPeripherals.m in Sources */ = {isa = PBXBuildFile; fileRef = C7554F411749F2E000BDF920 /* IRPeripherals.m */; };
		C75B5682174A405B00FFE5CB /* IRPeripheralCell.m in Sources */ = {isa = PBXBuildFile; fileRef = C75B5680174A405B00FFE5CB /* IRPeripheralCell.m */; };
		C75B5685174A79DD00FFE5CB /* IRPeripherals.h in CopyFiles */ = {isa = PBXBuildFile; fileRef = C7554F401749F2E000BDF920 /* IRPeripherals.h */; };
		C75B568A174A7AB200FFE5CB /* IRSignals.m in Sources */ = {isa = PBXBuildFile; fileRef = C75B5686174A7AB100FFE5CB /* IRSignals.m */; };
		C75B568B174A7AB200FFE5CB /* IRSignal.m in Sources */ = {isa = PBXBuildFile; fileRef = C75B5688174A7AB200FFE5CB /* IRSignal.m */; };
		C75B568C174A7B1F00FFE5CB /* IRSignals.h in CopyFiles */ = {isa = PBXBuildFile; fileRef = C75B5687174A7AB100FFE5CB /* IRSignals.h */; };
		C75CF062185061180086ED4F /* SystemConfiguration.framework in Frameworks */ = {isa = PBXBuildFile; fileRef = C75CF061185061180086ED4F /* SystemConfiguration.framework */; };
		C75CF064185062600086ED4F /* img_powerup3@2x.png in Resources */ = {isa = PBXBuildFile; fileRef = C75CF063185062600086ED4F /* img_powerup3@2x.png */; };
		C75CF06618506D7E0086ED4F /* MediaPlayer.framework in Frameworks */ = {isa = PBXBuildFile; fileRef = C75CF06518506D7E0086ED4F /* MediaPlayer.framework */; };
		C75CFC8617A65E1C00870A1B /* IRPeripheralCell.xib in Resources */ = {isa = PBXBuildFile; fileRef = C75CFC8517A65E1C00870A1B /* IRPeripheralCell.xib */; };
		C75CFC8817A6671200870A1B /* QuartzCore.framework in Frameworks */ = {isa = PBXBuildFile; fileRef = C75CFC8717A6671200870A1B /* QuartzCore.framework */; };
		C7603E7D17A8B48600A7AF1E /* IRHelper.h in CopyFiles */ = {isa = PBXBuildFile; fileRef = C73E37E5174DF20300872C04 /* IRHelper.h */; };
		C7603E8417A8BC6F00A7AF1E /* IRViewCustomizer.m in Sources */ = {isa = PBXBuildFile; fileRef = C7603E8317A8BC6F00A7AF1E /* IRViewCustomizer.m */; };
		C7603E8B17A9FAE100A7AF1E /* IRSignalNameEditViewController.m in Sources */ = {isa = PBXBuildFile; fileRef = C7603E8917A9FAE000A7AF1E /* IRSignalNameEditViewController.m */; };
		C7603E8C17A9FED700A7AF1E /* IRSignalNameEditViewController.h in CopyFiles */ = {isa = PBXBuildFile; fileRef = C7603E8A17A9FAE000A7AF1E /* IRSignalNameEditViewController.h */; };
		C763C6B31839ACC500D1D155 /* IRWifiEditViewController.h in CopyFiles */ = {isa = PBXBuildFile; fileRef = C78F6FE0182B8134002AAC7B /* IRWifiEditViewController.h */; };
		C763C6B41839ACDE00D1D155 /* IRWifiSecuritySelectViewController.h in CopyFiles */ = {isa = PBXBuildFile; fileRef = C701BEBE182B9F6D00C31F4B /* IRWifiSecuritySelectViewController.h */; };
		C763C6B51839ACEC00D1D155 /* IRKeys.h in CopyFiles */ = {isa = PBXBuildFile; fileRef = C701BEC0182BA72C00C31F4B /* IRKeys.h */; };
		C763C6B81839AF6D00D1D155 /* IRMorsePlayerViewController.m in Sources */ = {isa = PBXBuildFile; fileRef = C763C6B71839AF6D00D1D155 /* IRMorsePlayerViewController.m */; };
		C763C6BD1839B6FF00D1D155 /* IRMorsePlayerViewController.h in CopyFiles */ = {isa = PBXBuildFile; fileRef = C763C6B61839AF6D00D1D155 /* IRMorsePlayerViewController.h */; };
		C7693F8717A12AF900EC43FC /* icn_arrow@2x.png in Resources */ = {isa = PBXBuildFile; fileRef = C7693F8517A12AF900EC43FC /* icn_arrow@2x.png */; };
		C77150EC17720271004F9FE3 /* IRNewPeripheralScene2ViewController.m in Sources */ = {isa = PBXBuildFile; fileRef = C77150EA17720271004F9FE3 /* IRNewPeripheralScene2ViewController.m */; };
		C77150EF17728F9C004F9FE3 /* IRPeripheralNameEditViewController.m in Sources */ = {isa = PBXBuildFile; fileRef = C77150ED17728F9C004F9FE3 /* IRPeripheralNameEditViewController.m */; };
		C77150F31772D681004F9FE3 /* IRSignal.h in CopyFiles */ = {isa = PBXBuildFile; fileRef = C75B5689174A7AB200FFE5CB /* IRSignal.h */; };
		C77150F91772DF4A004F9FE3 /* IRNewSignalViewController.m in Sources */ = {isa = PBXBuildFile; fileRef = C77150F71772DF4A004F9FE3 /* IRNewSignalViewController.m */; };
		C7756778184B23A100C6D4DB /* libPods.a in Frameworks */ = {isa = PBXBuildFile; fileRef = C7756777184B23A100C6D4DB /* libPods.a */; };
		C776CC4017B3A3C500E1824D /* CoreGraphics.framework in Frameworks */ = {isa = PBXBuildFile; fileRef = C79DE3B1176F20A30088679E /* CoreGraphics.framework */; };
		C78F6FE1182B8134002AAC7B /* IRWifiEditViewController.m in Sources */ = {isa = PBXBuildFile; fileRef = C78F6FDF182B8134002AAC7B /* IRWifiEditViewController.m */; };
		C78F6FE6182B8D89002AAC7B /* IREditCell.xib in Resources */ = {isa = PBXBuildFile; fileRef = C78F6FE5182B8D89002AAC7B /* IREditCell.xib */; };
		C78F6FE9182B8E77002AAC7B /* IREditCell.m in Sources */ = {isa = PBXBuildFile; fileRef = C78F6FE7182B8E77002AAC7B /* IREditCell.m */; };
		C79C5949183F5E49002136CD /* IRSearcher.m in Sources */ = {isa = PBXBuildFile; fileRef = C79C5948183F5E49002136CD /* IRSearcher.m */; };
		C79CCB62185356EA00ECB707 /* anime_20@2x.png in Resources */ = {isa = PBXBuildFile; fileRef = C79CCB4E185356EA00ECB707 /* anime_20@2x.png */; };
		C79CCB63185356EA00ECB707 /* anime_19@2x.png in Resources */ = {isa = PBXBuildFile; fileRef = C79CCB4F185356EA00ECB707 /* anime_19@2x.png */; };
		C79CCB64185356EA00ECB707 /* anime_18@2x.png in Resources */ = {isa = PBXBuildFile; fileRef = C79CCB50185356EA00ECB707 /* anime_18@2x.png */; };
		C79CCB65185356EA00ECB707 /* anime_17@2x.png in Resources */ = {isa = PBXBuildFile; fileRef = C79CCB51185356EA00ECB707 /* anime_17@2x.png */; };
		C79CCB66185356EA00ECB707 /* anime_16@2x.png in Resources */ = {isa = PBXBuildFile; fileRef = C79CCB52185356EA00ECB707 /* anime_16@2x.png */; };
		C79CCB67185356EA00ECB707 /* anime_15@2x.png in Resources */ = {isa = PBXBuildFile; fileRef = C79CCB53185356EA00ECB707 /* anime_15@2x.png */; };
		C79CCB68185356EA00ECB707 /* anime_14@2x.png in Resources */ = {isa = PBXBuildFile; fileRef = C79CCB54185356EA00ECB707 /* anime_14@2x.png */; };
		C79CCB69185356EA00ECB707 /* anime_13@2x.png in Resources */ = {isa = PBXBuildFile; fileRef = C79CCB55185356EA00ECB707 /* anime_13@2x.png */; };
		C79CCB6A185356EA00ECB707 /* anime_12@2x.png in Resources */ = {isa = PBXBuildFile; fileRef = C79CCB56185356EA00ECB707 /* anime_12@2x.png */; };
		C79CCB6B185356EA00ECB707 /* anime_11@2x.png in Resources */ = {isa = PBXBuildFile; fileRef = C79CCB57185356EA00ECB707 /* anime_11@2x.png */; };
		C79CCB6C185356EA00ECB707 /* anime_10@2x.png in Resources */ = {isa = PBXBuildFile; fileRef = C79CCB58185356EA00ECB707 /* anime_10@2x.png */; };
		C79CCB6D185356EA00ECB707 /* anime_08@2x.png in Resources */ = {isa = PBXBuildFile; fileRef = C79CCB59185356EA00ECB707 /* anime_08@2x.png */; };
		C79CCB6E185356EA00ECB707 /* anime_09@2x.png in Resources */ = {isa = PBXBuildFile; fileRef = C79CCB5A185356EA00ECB707 /* anime_09@2x.png */; };
		C79CCB6F185356EA00ECB707 /* anime_07@2x.png in Resources */ = {isa = PBXBuildFile; fileRef = C79CCB5B185356EA00ECB707 /* anime_07@2x.png */; };
		C79CCB70185356EA00ECB707 /* anime_06@2x.png in Resources */ = {isa = PBXBuildFile; fileRef = C79CCB5C185356EA00ECB707 /* anime_06@2x.png */; };
		C79CCB71185356EA00ECB707 /* anime_05@2x.png in Resources */ = {isa = PBXBuildFile; fileRef = C79CCB5D185356EA00ECB707 /* anime_05@2x.png */; };
		C79CCB72185356EA00ECB707 /* anime_04@2x.png in Resources */ = {isa = PBXBuildFile; fileRef = C79CCB5E185356EA00ECB707 /* anime_04@2x.png */; };
		C79CCB73185356EA00ECB707 /* anime_03@2x.png in Resources */ = {isa = PBXBuildFile; fileRef = C79CCB5F185356EA00ECB707 /* anime_03@2x.png */; };
		C79CCB74185356EA00ECB707 /* anime_02@2x.png in Resources */ = {isa = PBXBuildFile; fileRef = C79CCB60185356EA00ECB707 /* anime_02@2x.png */; };
		C79CCB75185356EA00ECB707 /* anime_01@2x.png in Resources */ = {isa = PBXBuildFile; fileRef = C79CCB61185356EA00ECB707 /* anime_01@2x.png */; };
		C7A1350417AA5D3A00C8679B /* icn_signal@2x.png in Resources */ = {isa = PBXBuildFile; fileRef = C7A1350217AA5D3A00C8679B /* icn_signal@2x.png */; };
		C7A1350517AA5D3A00C8679B /* icn_signal.png in Resources */ = {isa = PBXBuildFile; fileRef = C7A1350317AA5D3A00C8679B /* icn_signal.png */; };
		C7A1350817AA5D7300C8679B /* icn_device@2x.png in Resources */ = {isa = PBXBuildFile; fileRef = C7A1350617AA5D7300C8679B /* icn_device@2x.png */; };
		C7A1351217AA621B00C8679B /* IRViewCustomizer.h in CopyFiles */ = {isa = PBXBuildFile; fileRef = C7603E8217A8BC6F00A7AF1E /* IRViewCustomizer.h */; };
		C7A66E9017A7BB3B00EDE589 /* IRSignalSendOperationQueue.m in Sources */ = {isa = PBXBuildFile; fileRef = C7A66E8D17A7BB3A00EDE589 /* IRSignalSendOperationQueue.m */; };
		C7AB0525180ADD40007288EB /* AudioToolbox.framework in Frameworks */ = {isa = PBXBuildFile; fileRef = C7AB0524180ADD40007288EB /* AudioToolbox.framework */; };
		C7AB418C179530D300E934C3 /* IRNewSignalScene1ViewController.m in Sources */ = {isa = PBXBuildFile; fileRef = C7AB418B179530D300E934C3 /* IRNewSignalScene1ViewController.m */; };
		C7AB418D179532F500E934C3 /* IRNewSignalScene1ViewController.h in CopyFiles */ = {isa = PBXBuildFile; fileRef = C7AB418A179530D300E934C3 /* IRNewSignalScene1ViewController.h */; };
		C7AC32121850A64200BB190D /* img_remote3@2x.png in Resources */ = {isa = PBXBuildFile; fileRef = C7AC32111850A64200BB190D /* img_remote3@2x.png */; };
		C7B5495C17ABD5DA005D91D1 /* IRSignalSendOperation.m in Sources */ = {isa = PBXBuildFile; fileRef = C7B5495A17ABD5DA005D91D1 /* IRSignalSendOperation.m */; };
		C7B5495D17ABD873005D91D1 /* IRSignalSendOperationQueue.h in CopyFiles */ = {isa = PBXBuildFile; fileRef = C7A66E8E17A7BB3A00EDE589 /* IRSignalSendOperationQueue.h */; };
		C7B5495E17ABD873005D91D1 /* IRSignalSendOperation.h in CopyFiles */ = {isa = PBXBuildFile; fileRef = C7B5495B17ABD5DA005D91D1 /* IRSignalSendOperation.h */; };
		C7B741BA1803FA41005802A7 /* libc++.dylib in Frameworks */ = {isa = PBXBuildFile; fileRef = C7B741B81803FA22005802A7 /* libc++.dylib */; };
		C7B741BD1803FB61005802A7 /* IRMorsePlayerOperationQueue.m in Sources */ = {isa = PBXBuildFile; fileRef = C7B741BC1803FB61005802A7 /* IRMorsePlayerOperationQueue.m */; };
		C7B741C01803FB7A005802A7 /* IRMorsePlayerOperation.m in Sources */ = {isa = PBXBuildFile; fileRef = C7B741BF1803FB7A005802A7 /* IRMorsePlayerOperation.m */; };
		C7B741C31803FD5D005802A7 /* IRMorseTesterViewController.m in Sources */ = {isa = PBXBuildFile; fileRef = C7B741C21803FD5D005802A7 /* IRMorseTesterViewController.m */; };
		C7C0DB7517819D7400AECAC2 /* IRChartView.h in CopyFiles */ = {isa = PBXBuildFile; fileRef = C73E37DF174B8EB100872C04 /* IRChartView.h */; };
		C7C397DE1756507800868B79 /* IRPeripheral.h in CopyFiles */ = {isa = PBXBuildFile; fileRef = C7554F301749E65B00BDF920 /* IRPeripheral.h */; };
		C7C7A307176EFC6C00C9A62F /* IRNewPeripheralViewController.m in Sources */ = {isa = PBXBuildFile; fileRef = C7C7A305176EFC6C00C9A62F /* IRNewPeripheralViewController.m */; };
		C7C7A30B176F017600C9A62F /* IRNewPeripheralViewController.h in CopyFiles */ = {isa = PBXBuildFile; fileRef = C7C7A306176EFC6C00C9A62F /* IRNewPeripheralViewController.h */; };
		C7C7A30E176F05C500C9A62F /* IRNewPeripheralScene1ViewController.m in Sources */ = {isa = PBXBuildFile; fileRef = C7C7A30C176F05C500C9A62F /* IRNewPeripheralScene1ViewController.m */; };
		C7D0561118041E4F00660217 /* AVFoundation.framework in Frameworks */ = {isa = PBXBuildFile; fileRef = C7D0560F18041E3F00660217 /* AVFoundation.framework */; };
		C7E4E31D18520C6B00EC864E /* IRNewPeripheralScene1ViewController.xib in Resources */ = {isa = PBXBuildFile; fileRef = C7E4E31F18520C6B00EC864E /* IRNewPeripheralScene1ViewController.xib */; };
		C7E4E32018520C9100EC864E /* IRMorsePlayerViewController.xib in Resources */ = {isa = PBXBuildFile; fileRef = C7E4E32218520C9100EC864E /* IRMorsePlayerViewController.xib */; };
		C7E4E32318520C9900EC864E /* IRNewPeripheralScene2ViewController.xib in Resources */ = {isa = PBXBuildFile; fileRef = C7E4E32518520C9900EC864E /* IRNewPeripheralScene2ViewController.xib */; };
		C7E4E32618520C9D00EC864E /* IRNewSignalScene1ViewController.xib in Resources */ = {isa = PBXBuildFile; fileRef = C7E4E32818520C9D00EC864E /* IRNewSignalScene1ViewController.xib */; };
		C7E4E32918520CA300EC864E /* IRPeripheralNameEditViewController.xib in Resources */ = {isa = PBXBuildFile; fileRef = C7E4E32B18520CA300EC864E /* IRPeripheralNameEditViewController.xib */; };
		C7E4E32C18520CA700EC864E /* IRSignalNameEditViewController.xib in Resources */ = {isa = PBXBuildFile; fileRef = C7E4E32E18520CA700EC864E /* IRSignalNameEditViewController.xib */; };
		C7E4E32F18520CAB00EC864E /* IRWifiEditViewController.xib in Resources */ = {isa = PBXBuildFile; fileRef = C7E4E33118520CAB00EC864E /* IRWifiEditViewController.xib */; };
		C7EF92E317794D4A00D07D81 /* IRNewSignalViewController.h in CopyFiles */ = {isa = PBXBuildFile; fileRef = C77150F81772DF4A004F9FE3 /* IRNewSignalViewController.h */; };
		C7EF92E417797DCE00D07D81 /* IRPeripheralNameEditViewController.h in CopyFiles */ = {isa = PBXBuildFile; fileRef = C77150EE17728F9C004F9FE3 /* IRPeripheralNameEditViewController.h */; };
		C7EF92E517797DCE00D07D81 /* IRNewPeripheralScene2ViewController.h in CopyFiles */ = {isa = PBXBuildFile; fileRef = C77150EB17720271004F9FE3 /* IRNewPeripheralScene2ViewController.h */; };
		C7EF92E617797DCE00D07D81 /* IRNewPeripheralScene1ViewController.h in CopyFiles */ = {isa = PBXBuildFile; fileRef = C7C7A30D176F05C500C9A62F /* IRNewPeripheralScene1ViewController.h */; };
		C7F7D757178CF4AF00C3CF0F /* IRWebViewController.m in Sources */ = {isa = PBXBuildFile; fileRef = C7F7D756178CF4AF00C3CF0F /* IRWebViewController.m */; };
		C7F7D758178CF74300C3CF0F /* IRWebViewController.h in CopyFiles */ = {isa = PBXBuildFile; fileRef = C7F7D755178CF4AF00C3CF0F /* IRWebViewController.h */; };
		C7FAB02217467CBF00125BCB /* Log.m in Sources */ = {isa = PBXBuildFile; fileRef = C7FAB02117467CBF00125BCB /* Log.m */; };
		C7FFC7C8184CCE790007B178 /* IRHTTPJSONOperation.m in Sources */ = {isa = PBXBuildFile; fileRef = C7FFC7C7184CCE790007B178 /* IRHTTPJSONOperation.m */; };
/* End PBXBuildFile section */

/* Begin PBXContainerItemProxy section */
		C71D90AB17978B0800CEC73F /* PBXContainerItemProxy */ = {
			isa = PBXContainerItemProxy;
			containerPortal = C752D6F617462C7B008B644A /* Project object */;
			proxyType = 1;
			remoteGlobalIDString = C752D6FD17462C7B008B644A;
			remoteInfo = IRKit;
		};
		C735043817A038FB0057D51B /* PBXContainerItemProxy */ = {
			isa = PBXContainerItemProxy;
			containerPortal = C752D6F617462C7B008B644A /* Project object */;
			proxyType = 1;
			remoteGlobalIDString = C79DE3B8176F25260088679E;
			remoteInfo = IRKitResources;
		};
		C79DE3C8176F271A0088679E /* PBXContainerItemProxy */ = {
			isa = PBXContainerItemProxy;
			containerPortal = C752D6F617462C7B008B644A /* Project object */;
			proxyType = 1;
			remoteGlobalIDString = C79DE3B8176F25260088679E;
			remoteInfo = IRKitResources;
		};
/* End PBXContainerItemProxy section */

/* Begin PBXCopyFilesBuildPhase section */
		C752D6FC17462C7B008B644A /* CopyFiles */ = {
			isa = PBXCopyFilesBuildPhase;
			buildActionMask = 2147483647;
			dstPath = "include/${PRODUCT_NAME}";
			dstSubfolderSpec = 16;
			files = (
				C71B7C5D18443633009F8D20 /* IRSearcher.h in CopyFiles */,
				C763C6BD1839B6FF00D1D155 /* IRMorsePlayerViewController.h in CopyFiles */,
				C763C6B51839ACEC00D1D155 /* IRKeys.h in CopyFiles */,
				C763C6B41839ACDE00D1D155 /* IRWifiSecuritySelectViewController.h in CopyFiles */,
				C763C6B31839ACC500D1D155 /* IRWifiEditViewController.h in CopyFiles */,
				C7B5495D17ABD873005D91D1 /* IRSignalSendOperationQueue.h in CopyFiles */,
				C7B5495E17ABD873005D91D1 /* IRSignalSendOperation.h in CopyFiles */,
				C7A1351217AA621B00C8679B /* IRViewCustomizer.h in CopyFiles */,
				C7603E8C17A9FED700A7AF1E /* IRSignalNameEditViewController.h in CopyFiles */,
				C7603E7D17A8B48600A7AF1E /* IRHelper.h in CopyFiles */,
				C7AB418D179532F500E934C3 /* IRNewSignalScene1ViewController.h in CopyFiles */,
				C7F7D758178CF74300C3CF0F /* IRWebViewController.h in CopyFiles */,
				C7C0DB7517819D7400AECAC2 /* IRChartView.h in CopyFiles */,
				C7EF92E417797DCE00D07D81 /* IRPeripheralNameEditViewController.h in CopyFiles */,
				C7EF92E517797DCE00D07D81 /* IRNewPeripheralScene2ViewController.h in CopyFiles */,
				C7EF92E617797DCE00D07D81 /* IRNewPeripheralScene1ViewController.h in CopyFiles */,
				C7EF92E317794D4A00D07D81 /* IRNewSignalViewController.h in CopyFiles */,
				C77150F31772D681004F9FE3 /* IRSignal.h in CopyFiles */,
				C7C7A30B176F017600C9A62F /* IRNewPeripheralViewController.h in CopyFiles */,
				C7C397DE1756507800868B79 /* IRPeripheral.h in CopyFiles */,
				C75B568C174A7B1F00FFE5CB /* IRSignals.h in CopyFiles */,
				C75B5685174A79DD00FFE5CB /* IRPeripherals.h in CopyFiles */,
				C7554F1B1749D61A00BDF920 /* IRConst.h in CopyFiles */,
				C752D70717462C7B008B644A /* IRKit.h in CopyFiles */,
			);
			runOnlyForDeploymentPostprocessing = 0;
		};
/* End PBXCopyFilesBuildPhase section */

/* Begin PBXFileReference section */
		6A92507FB75A49B8B9640873 /* Pods.xcconfig */ = {isa = PBXFileReference; includeInIndex = 1; lastKnownFileType = text.xcconfig; name = Pods.xcconfig; path = ../Pods/Pods.xcconfig; sourceTree = "<group>"; };
		C701BEBB182B9F5C00C31F4B /* IRWifiSecuritySelectViewController.xib */ = {isa = PBXFileReference; fileEncoding = 4; lastKnownFileType = file.xib; path = IRWifiSecuritySelectViewController.xib; sourceTree = "<group>"; };
		C701BEBD182B9F6D00C31F4B /* IRWifiSecuritySelectViewController.m */ = {isa = PBXFileReference; fileEncoding = 4; lastKnownFileType = sourcecode.c.objc; path = IRWifiSecuritySelectViewController.m; sourceTree = "<group>"; };
		C701BEBE182B9F6D00C31F4B /* IRWifiSecuritySelectViewController.h */ = {isa = PBXFileReference; fileEncoding = 4; lastKnownFileType = sourcecode.c.h; path = IRWifiSecuritySelectViewController.h; sourceTree = "<group>"; };
		C701BEC0182BA72C00C31F4B /* IRKeys.h */ = {isa = PBXFileReference; fileEncoding = 4; lastKnownFileType = sourcecode.c.h; path = IRKeys.h; sourceTree = "<group>"; };
		C701BEC1182BA72C00C31F4B /* IRKeys.m */ = {isa = PBXFileReference; fileEncoding = 4; lastKnownFileType = sourcecode.c.objc; path = IRKeys.m; sourceTree = "<group>"; };
		C703E826183DFA6900B8446C /* IRHTTPClient.h */ = {isa = PBXFileReference; fileEncoding = 4; lastKnownFileType = sourcecode.c.h; path = IRHTTPClient.h; sourceTree = "<group>"; };
		C703E827183DFA6900B8446C /* IRHTTPClient.m */ = {isa = PBXFileReference; fileEncoding = 4; lastKnownFileType = sourcecode.c.objc; path = IRHTTPClient.m; sourceTree = "<group>"; };
		C703E829183E0DD900B8446C /* CRC8.c */ = {isa = PBXFileReference; fileEncoding = 4; lastKnownFileType = sourcecode.c.c; path = CRC8.c; sourceTree = "<group>"; };
		C703E82B183E0DF600B8446C /* CRC8.h */ = {isa = PBXFileReference; lastKnownFileType = sourcecode.c.h; path = CRC8.h; sourceTree = "<group>"; };
		C707ECC9184C7C6D00AC5F0B /* icn_navibar_menu@2x.png */ = {isa = PBXFileReference; lastKnownFileType = image.png; path = "icn_navibar_menu@2x.png"; sourceTree = "<group>"; };
		C707ECCA184C7C6D00AC5F0B /* icn_check2@2x.png */ = {isa = PBXFileReference; lastKnownFileType = image.png; path = "icn_check2@2x.png"; sourceTree = "<group>"; };
		C707ECCB184C7C6D00AC5F0B /* icn_navibar_add@2x.png */ = {isa = PBXFileReference; lastKnownFileType = image.png; path = "icn_navibar_add@2x.png"; sourceTree = "<group>"; };
		C707ECCC184C7C6D00AC5F0B /* icn_navibar_back@2x.png */ = {isa = PBXFileReference; lastKnownFileType = image.png; path = "icn_navibar_back@2x.png"; sourceTree = "<group>"; };
		C707ECCD184C7C6D00AC5F0B /* icn_navibar_cancel@2x.png */ = {isa = PBXFileReference; lastKnownFileType = image.png; path = "icn_navibar_cancel@2x.png"; sourceTree = "<group>"; };
		C707ECCE184C7C6E00AC5F0B /* icn_navibar_camera@2x.png */ = {isa = PBXFileReference; lastKnownFileType = image.png; path = "icn_navibar_camera@2x.png"; sourceTree = "<group>"; };
		C707ECD5184C84CE00AC5F0B /* img_prepare3@2x.png */ = {isa = PBXFileReference; lastKnownFileType = image.png; path = "img_prepare3@2x.png"; sourceTree = "<group>"; };
		C714890E17C46D6E00713890 /* libstdc++.dylib */ = {isa = PBXFileReference; lastKnownFileType = "compiled.mach-o.dylib"; name = "libstdc++.dylib"; path = "usr/lib/libstdc++.dylib"; sourceTree = SDKROOT; };
		C71D909817977D2200CEC73F /* IRKitTests.octest */ = {isa = PBXFileReference; explicitFileType = wrapper.cfbundle; includeInIndex = 0; path = IRKitTests.octest; sourceTree = BUILT_PRODUCTS_DIR; };
		C71D909C17977D2200CEC73F /* IRKitTests-Info.plist */ = {isa = PBXFileReference; lastKnownFileType = text.plist.xml; path = "IRKitTests-Info.plist"; sourceTree = "<group>"; };
		C71D909E17977D2200CEC73F /* en */ = {isa = PBXFileReference; lastKnownFileType = text.plist.strings; name = en; path = en.lproj/InfoPlist.strings; sourceTree = "<group>"; };
		C71D90A417977D6A00CEC73F /* IRKitTests.m */ = {isa = PBXFileReference; fileEncoding = 4; lastKnownFileType = sourcecode.c.objc; path = IRKitTests.m; sourceTree = "<group>"; };
		C71D90A517977D6A00CEC73F /* IRKitTests.h */ = {isa = PBXFileReference; fileEncoding = 4; lastKnownFileType = sourcecode.c.h; path = IRKitTests.h; sourceTree = "<group>"; };
		C71D90A81797862300CEC73F /* IRHelperTests.h */ = {isa = PBXFileReference; fileEncoding = 4; lastKnownFileType = sourcecode.c.h; path = IRHelperTests.h; sourceTree = "<group>"; };
		C71D90A91797862300CEC73F /* IRHelperTests.m */ = {isa = PBXFileReference; fileEncoding = 4; lastKnownFileType = sourcecode.c.objc; path = IRHelperTests.m; sourceTree = "<group>"; };
		C721651C18521C80000BD43D /* ja */ = {isa = PBXFileReference; lastKnownFileType = text.plist.strings; name = ja; path = ja.lproj/Localizable.strings; sourceTree = "<group>"; };
		C735040D17A029C30057D51B /* IRKitViewSamples.app */ = {isa = PBXFileReference; explicitFileType = wrapper.application; includeInIndex = 0; path = IRKitViewSamples.app; sourceTree = BUILT_PRODUCTS_DIR; };
		C735041317A029C30057D51B /* IRKitViewSamples-Info.plist */ = {isa = PBXFileReference; lastKnownFileType = text.plist.xml; path = "IRKitViewSamples-Info.plist"; sourceTree = "<group>"; };
		C735041517A029C40057D51B /* en */ = {isa = PBXFileReference; lastKnownFileType = text.plist.strings; name = en; path = en.lproj/InfoPlist.strings; sourceTree = "<group>"; };
		C735041717A029C40057D51B /* main.m */ = {isa = PBXFileReference; lastKnownFileType = sourcecode.c.objc; path = main.m; sourceTree = "<group>"; };
		C735041917A029C40057D51B /* IRKitViewSamples-Prefix.pch */ = {isa = PBXFileReference; lastKnownFileType = sourcecode.c.h; path = "IRKitViewSamples-Prefix.pch"; sourceTree = "<group>"; };
		C735041A17A029C40057D51B /* IRAppDelegate.h */ = {isa = PBXFileReference; lastKnownFileType = sourcecode.c.h; path = IRAppDelegate.h; sourceTree = "<group>"; };
		C735041B17A029C40057D51B /* IRAppDelegate.m */ = {isa = PBXFileReference; lastKnownFileType = sourcecode.c.objc; path = IRAppDelegate.m; sourceTree = "<group>"; };
		C735041D17A029C40057D51B /* Default.png */ = {isa = PBXFileReference; lastKnownFileType = image.png; path = Default.png; sourceTree = "<group>"; };
		C735041F17A029C40057D51B /* Default@2x.png */ = {isa = PBXFileReference; lastKnownFileType = image.png; path = "Default@2x.png"; sourceTree = "<group>"; };
		C735042117A029C40057D51B /* Default-568h@2x.png */ = {isa = PBXFileReference; lastKnownFileType = image.png; path = "Default-568h@2x.png"; sourceTree = "<group>"; };
		C735042C17A02B0D0057D51B /* IRSamplesTableViewController.h */ = {isa = PBXFileReference; fileEncoding = 4; lastKnownFileType = sourcecode.c.h; path = IRSamplesTableViewController.h; sourceTree = "<group>"; };
		C735042D17A02B0D0057D51B /* IRSamplesTableViewController.m */ = {isa = PBXFileReference; fileEncoding = 4; lastKnownFileType = sourcecode.c.objc; path = IRSamplesTableViewController.m; sourceTree = "<group>"; };
		C73CB4D517856B5B00B3F2C0 /* IRPeripheralWriteOperation.h */ = {isa = PBXFileReference; fileEncoding = 4; lastKnownFileType = sourcecode.c.h; path = IRPeripheralWriteOperation.h; sourceTree = "<group>"; };
		C73CB4D617856B5B00B3F2C0 /* IRPeripheralWriteOperation.m */ = {isa = PBXFileReference; fileEncoding = 4; lastKnownFileType = sourcecode.c.objc; path = IRPeripheralWriteOperation.m; sourceTree = "<group>"; };
		C73CB4D817856CC100B3F2C0 /* IRPeripheralWriteOperationQueue.h */ = {isa = PBXFileReference; fileEncoding = 4; lastKnownFileType = sourcecode.c.h; path = IRPeripheralWriteOperationQueue.h; sourceTree = "<group>"; };
		C73CB4D917856CC100B3F2C0 /* IRPeripheralWriteOperationQueue.m */ = {isa = PBXFileReference; fileEncoding = 4; lastKnownFileType = sourcecode.c.objc; path = IRPeripheralWriteOperationQueue.m; sourceTree = "<group>"; };
		C73E37DF174B8EB100872C04 /* IRChartView.h */ = {isa = PBXFileReference; fileEncoding = 4; lastKnownFileType = sourcecode.c.h; path = IRChartView.h; sourceTree = "<group>"; };
		C73E37E0174B8EB100872C04 /* IRChartView.m */ = {isa = PBXFileReference; fileEncoding = 4; lastKnownFileType = sourcecode.c.objc; path = IRChartView.m; sourceTree = "<group>"; };
		C73E37E2174DB9AE00872C04 /* IRPersistentStore.h */ = {isa = PBXFileReference; fileEncoding = 4; lastKnownFileType = sourcecode.c.h; path = IRPersistentStore.h; sourceTree = "<group>"; };
		C73E37E3174DB9AE00872C04 /* IRPersistentStore.m */ = {isa = PBXFileReference; fileEncoding = 4; lastKnownFileType = sourcecode.c.objc; path = IRPersistentStore.m; sourceTree = "<group>"; };
		C73E37E5174DF20300872C04 /* IRHelper.h */ = {isa = PBXFileReference; fileEncoding = 4; lastKnownFileType = sourcecode.c.h; path = IRHelper.h; sourceTree = "<group>"; };
		C73E37E6174DF20300872C04 /* IRHelper.m */ = {isa = PBXFileReference; fileEncoding = 4; lastKnownFileType = sourcecode.c.objc; path = IRHelper.m; sourceTree = "<group>"; };
		C752D6FE17462C7B008B644A /* libIRKit.a */ = {isa = PBXFileReference; explicitFileType = archive.ar; includeInIndex = 0; path = libIRKit.a; sourceTree = BUILT_PRODUCTS_DIR; };
		C752D70117462C7B008B644A /* Foundation.framework */ = {isa = PBXFileReference; lastKnownFileType = wrapper.framework; name = Foundation.framework; path = System/Library/Frameworks/Foundation.framework; sourceTree = SDKROOT; };
		C752D70517462C7B008B644A /* IRKit-Prefix.pch */ = {isa = PBXFileReference; lastKnownFileType = sourcecode.c.h; path = "IRKit-Prefix.pch"; sourceTree = "<group>"; };
		C752D70617462C7B008B644A /* IRKit.h */ = {isa = PBXFileReference; lastKnownFileType = sourcecode.c.h; path = IRKit.h; sourceTree = "<group>"; };
		C752D70817462C7B008B644A /* IRKit.m */ = {isa = PBXFileReference; lastKnownFileType = sourcecode.c.objc; path = IRKit.m; sourceTree = "<group>"; };
		C752D71017462C7B008B644A /* SenTestingKit.framework */ = {isa = PBXFileReference; lastKnownFileType = wrapper.framework; name = SenTestingKit.framework; path = Library/Frameworks/SenTestingKit.framework; sourceTree = DEVELOPER_DIR; };
		C7554F1C1749D84C00BDF920 /* IRFunc.h */ = {isa = PBXFileReference; fileEncoding = 4; lastKnownFileType = sourcecode.c.h; path = IRFunc.h; sourceTree = "<group>"; };
		C7554F1D1749D84C00BDF920 /* IRFunc.m */ = {isa = PBXFileReference; fileEncoding = 4; lastKnownFileType = sourcecode.c.objc; path = IRFunc.m; sourceTree = "<group>"; };
		C7554F301749E65B00BDF920 /* IRPeripheral.h */ = {isa = PBXFileReference; fileEncoding = 4; lastKnownFileType = sourcecode.c.h; path = IRPeripheral.h; sourceTree = "<group>"; };
		C7554F311749E65B00BDF920 /* IRPeripheral.m */ = {isa = PBXFileReference; fileEncoding = 4; lastKnownFileType = sourcecode.c.objc; path = IRPeripheral.m; sourceTree = "<group>"; };
		C7554F401749F2E000BDF920 /* IRPeripherals.h */ = {isa = PBXFileReference; fileEncoding = 4; lastKnownFileType = sourcecode.c.h; path = IRPeripherals.h; sourceTree = "<group>"; };
		C7554F411749F2E000BDF920 /* IRPeripherals.m */ = {isa = PBXFileReference; fileEncoding = 4; lastKnownFileType = sourcecode.c.objc; path = IRPeripherals.m; sourceTree = "<group>"; };
		C75B5680174A405B00FFE5CB /* IRPeripheralCell.m */ = {isa = PBXFileReference; fileEncoding = 4; lastKnownFileType = sourcecode.c.objc; path = IRPeripheralCell.m; sourceTree = "<group>"; };
		C75B5681174A405B00FFE5CB /* IRPeripheralCell.h */ = {isa = PBXFileReference; fileEncoding = 4; lastKnownFileType = sourcecode.c.h; path = IRPeripheralCell.h; sourceTree = "<group>"; };
		C75B5686174A7AB100FFE5CB /* IRSignals.m */ = {isa = PBXFileReference; fileEncoding = 4; lastKnownFileType = sourcecode.c.objc; path = IRSignals.m; sourceTree = "<group>"; };
		C75B5687174A7AB100FFE5CB /* IRSignals.h */ = {isa = PBXFileReference; fileEncoding = 4; lastKnownFileType = sourcecode.c.h; path = IRSignals.h; sourceTree = "<group>"; };
		C75B5688174A7AB200FFE5CB /* IRSignal.m */ = {isa = PBXFileReference; fileEncoding = 4; lastKnownFileType = sourcecode.c.objc; path = IRSignal.m; sourceTree = "<group>"; };
		C75B5689174A7AB200FFE5CB /* IRSignal.h */ = {isa = PBXFileReference; fileEncoding = 4; lastKnownFileType = sourcecode.c.h; path = IRSignal.h; sourceTree = "<group>"; };
		C75CF061185061180086ED4F /* SystemConfiguration.framework */ = {isa = PBXFileReference; lastKnownFileType = wrapper.framework; name = SystemConfiguration.framework; path = System/Library/Frameworks/SystemConfiguration.framework; sourceTree = SDKROOT; };
		C75CF063185062600086ED4F /* img_powerup3@2x.png */ = {isa = PBXFileReference; lastKnownFileType = image.png; path = "img_powerup3@2x.png"; sourceTree = "<group>"; };
		C75CF06518506D7E0086ED4F /* MediaPlayer.framework */ = {isa = PBXFileReference; lastKnownFileType = wrapper.framework; name = MediaPlayer.framework; path = System/Library/Frameworks/MediaPlayer.framework; sourceTree = SDKROOT; };
		C75CFC8517A65E1C00870A1B /* IRPeripheralCell.xib */ = {isa = PBXFileReference; fileEncoding = 4; lastKnownFileType = file.xib; path = IRPeripheralCell.xib; sourceTree = "<group>"; };
		C75CFC8717A6671200870A1B /* QuartzCore.framework */ = {isa = PBXFileReference; lastKnownFileType = wrapper.framework; name = QuartzCore.framework; path = System/Library/Frameworks/QuartzCore.framework; sourceTree = SDKROOT; };
		C7603E8217A8BC6F00A7AF1E /* IRViewCustomizer.h */ = {isa = PBXFileReference; fileEncoding = 4; lastKnownFileType = sourcecode.c.h; path = IRViewCustomizer.h; sourceTree = "<group>"; };
		C7603E8317A8BC6F00A7AF1E /* IRViewCustomizer.m */ = {isa = PBXFileReference; fileEncoding = 4; lastKnownFileType = sourcecode.c.objc; path = IRViewCustomizer.m; sourceTree = "<group>"; };
		C7603E8917A9FAE000A7AF1E /* IRSignalNameEditViewController.m */ = {isa = PBXFileReference; fileEncoding = 4; lastKnownFileType = sourcecode.c.objc; path = IRSignalNameEditViewController.m; sourceTree = "<group>"; };
		C7603E8A17A9FAE000A7AF1E /* IRSignalNameEditViewController.h */ = {isa = PBXFileReference; fileEncoding = 4; lastKnownFileType = sourcecode.c.h; path = IRSignalNameEditViewController.h; sourceTree = "<group>"; };
		C763C6B61839AF6D00D1D155 /* IRMorsePlayerViewController.h */ = {isa = PBXFileReference; fileEncoding = 4; lastKnownFileType = sourcecode.c.h; path = IRMorsePlayerViewController.h; sourceTree = "<group>"; };
		C763C6B71839AF6D00D1D155 /* IRMorsePlayerViewController.m */ = {isa = PBXFileReference; fileEncoding = 4; lastKnownFileType = sourcecode.c.objc; path = IRMorsePlayerViewController.m; sourceTree = "<group>"; };
		C7693F8517A12AF900EC43FC /* icn_arrow@2x.png */ = {isa = PBXFileReference; lastKnownFileType = image.png; path = "icn_arrow@2x.png"; sourceTree = "<group>"; };
		C77150EA17720271004F9FE3 /* IRNewPeripheralScene2ViewController.m */ = {isa = PBXFileReference; fileEncoding = 4; lastKnownFileType = sourcecode.c.objc; path = IRNewPeripheralScene2ViewController.m; sourceTree = "<group>"; };
		C77150EB17720271004F9FE3 /* IRNewPeripheralScene2ViewController.h */ = {isa = PBXFileReference; fileEncoding = 4; lastKnownFileType = sourcecode.c.h; path = IRNewPeripheralScene2ViewController.h; sourceTree = "<group>"; };
		C77150ED17728F9C004F9FE3 /* IRPeripheralNameEditViewController.m */ = {isa = PBXFileReference; fileEncoding = 4; lastKnownFileType = sourcecode.c.objc; path = IRPeripheralNameEditViewController.m; sourceTree = "<group>"; };
		C77150EE17728F9C004F9FE3 /* IRPeripheralNameEditViewController.h */ = {isa = PBXFileReference; fileEncoding = 4; lastKnownFileType = sourcecode.c.h; path = IRPeripheralNameEditViewController.h; sourceTree = "<group>"; };
		C77150F71772DF4A004F9FE3 /* IRNewSignalViewController.m */ = {isa = PBXFileReference; fileEncoding = 4; lastKnownFileType = sourcecode.c.objc; path = IRNewSignalViewController.m; sourceTree = "<group>"; };
		C77150F81772DF4A004F9FE3 /* IRNewSignalViewController.h */ = {isa = PBXFileReference; fileEncoding = 4; lastKnownFileType = sourcecode.c.h; path = IRNewSignalViewController.h; sourceTree = "<group>"; };
		C7756777184B23A100C6D4DB /* libPods.a */ = {isa = PBXFileReference; lastKnownFileType = archive.ar; name = libPods.a; path = "../Debug-iphonesimulator/libPods.a"; sourceTree = BUILT_PRODUCTS_DIR; };
		C78F6FDF182B8134002AAC7B /* IRWifiEditViewController.m */ = {isa = PBXFileReference; fileEncoding = 4; lastKnownFileType = sourcecode.c.objc; path = IRWifiEditViewController.m; sourceTree = "<group>"; };
		C78F6FE0182B8134002AAC7B /* IRWifiEditViewController.h */ = {isa = PBXFileReference; fileEncoding = 4; lastKnownFileType = sourcecode.c.h; path = IRWifiEditViewController.h; sourceTree = "<group>"; };
		C78F6FE5182B8D89002AAC7B /* IREditCell.xib */ = {isa = PBXFileReference; fileEncoding = 4; lastKnownFileType = file.xib; path = IREditCell.xib; sourceTree = "<group>"; };
		C78F6FE7182B8E77002AAC7B /* IREditCell.m */ = {isa = PBXFileReference; fileEncoding = 4; lastKnownFileType = sourcecode.c.objc; path = IREditCell.m; sourceTree = "<group>"; };
		C78F6FE8182B8E77002AAC7B /* IREditCell.h */ = {isa = PBXFileReference; fileEncoding = 4; lastKnownFileType = sourcecode.c.h; path = IREditCell.h; sourceTree = "<group>"; };
		C79C5947183F5E49002136CD /* IRSearcher.h */ = {isa = PBXFileReference; fileEncoding = 4; lastKnownFileType = sourcecode.c.h; path = IRSearcher.h; sourceTree = "<group>"; };
		C79C5948183F5E49002136CD /* IRSearcher.m */ = {isa = PBXFileReference; fileEncoding = 4; lastKnownFileType = sourcecode.c.objc; path = IRSearcher.m; sourceTree = "<group>"; };
		C79CCB4E185356EA00ECB707 /* anime_20@2x.png */ = {isa = PBXFileReference; lastKnownFileType = image.png; path = "anime_20@2x.png"; sourceTree = "<group>"; };
		C79CCB4F185356EA00ECB707 /* anime_19@2x.png */ = {isa = PBXFileReference; lastKnownFileType = image.png; path = "anime_19@2x.png"; sourceTree = "<group>"; };
		C79CCB50185356EA00ECB707 /* anime_18@2x.png */ = {isa = PBXFileReference; lastKnownFileType = image.png; path = "anime_18@2x.png"; sourceTree = "<group>"; };
		C79CCB51185356EA00ECB707 /* anime_17@2x.png */ = {isa = PBXFileReference; lastKnownFileType = image.png; path = "anime_17@2x.png"; sourceTree = "<group>"; };
		C79CCB52185356EA00ECB707 /* anime_16@2x.png */ = {isa = PBXFileReference; lastKnownFileType = image.png; path = "anime_16@2x.png"; sourceTree = "<group>"; };
		C79CCB53185356EA00ECB707 /* anime_15@2x.png */ = {isa = PBXFileReference; lastKnownFileType = image.png; path = "anime_15@2x.png"; sourceTree = "<group>"; };
		C79CCB54185356EA00ECB707 /* anime_14@2x.png */ = {isa = PBXFileReference; lastKnownFileType = image.png; path = "anime_14@2x.png"; sourceTree = "<group>"; };
		C79CCB55185356EA00ECB707 /* anime_13@2x.png */ = {isa = PBXFileReference; lastKnownFileType = image.png; path = "anime_13@2x.png"; sourceTree = "<group>"; };
		C79CCB56185356EA00ECB707 /* anime_12@2x.png */ = {isa = PBXFileReference; lastKnownFileType = image.png; path = "anime_12@2x.png"; sourceTree = "<group>"; };
		C79CCB57185356EA00ECB707 /* anime_11@2x.png */ = {isa = PBXFileReference; lastKnownFileType = image.png; path = "anime_11@2x.png"; sourceTree = "<group>"; };
		C79CCB58185356EA00ECB707 /* anime_10@2x.png */ = {isa = PBXFileReference; lastKnownFileType = image.png; path = "anime_10@2x.png"; sourceTree = "<group>"; };
		C79CCB59185356EA00ECB707 /* anime_08@2x.png */ = {isa = PBXFileReference; lastKnownFileType = image.png; path = "anime_08@2x.png"; sourceTree = "<group>"; };
		C79CCB5A185356EA00ECB707 /* anime_09@2x.png */ = {isa = PBXFileReference; lastKnownFileType = image.png; path = "anime_09@2x.png"; sourceTree = "<group>"; };
		C79CCB5B185356EA00ECB707 /* anime_07@2x.png */ = {isa = PBXFileReference; lastKnownFileType = image.png; path = "anime_07@2x.png"; sourceTree = "<group>"; };
		C79CCB5C185356EA00ECB707 /* anime_06@2x.png */ = {isa = PBXFileReference; lastKnownFileType = image.png; path = "anime_06@2x.png"; sourceTree = "<group>"; };
		C79CCB5D185356EA00ECB707 /* anime_05@2x.png */ = {isa = PBXFileReference; lastKnownFileType = image.png; path = "anime_05@2x.png"; sourceTree = "<group>"; };
		C79CCB5E185356EA00ECB707 /* anime_04@2x.png */ = {isa = PBXFileReference; lastKnownFileType = image.png; path = "anime_04@2x.png"; sourceTree = "<group>"; };
		C79CCB5F185356EA00ECB707 /* anime_03@2x.png */ = {isa = PBXFileReference; lastKnownFileType = image.png; path = "anime_03@2x.png"; sourceTree = "<group>"; };
		C79CCB60185356EA00ECB707 /* anime_02@2x.png */ = {isa = PBXFileReference; lastKnownFileType = image.png; path = "anime_02@2x.png"; sourceTree = "<group>"; };
		C79CCB61185356EA00ECB707 /* anime_01@2x.png */ = {isa = PBXFileReference; lastKnownFileType = image.png; path = "anime_01@2x.png"; sourceTree = "<group>"; };
		C79DE3B1176F20A30088679E /* CoreGraphics.framework */ = {isa = PBXFileReference; lastKnownFileType = wrapper.framework; name = CoreGraphics.framework; path = System/Library/Frameworks/CoreGraphics.framework; sourceTree = SDKROOT; };
		C79DE3B3176F20B50088679E /* UIKit.framework */ = {isa = PBXFileReference; lastKnownFileType = wrapper.framework; name = UIKit.framework; path = System/Library/Frameworks/UIKit.framework; sourceTree = SDKROOT; };
		C79DE3B9176F25260088679E /* IRKitResources.bundle */ = {isa = PBXFileReference; explicitFileType = wrapper.cfbundle; includeInIndex = 0; path = IRKitResources.bundle; sourceTree = BUILT_PRODUCTS_DIR; };
		C79DE3BD176F25260088679E /* IRKitResources-Info.plist */ = {isa = PBXFileReference; lastKnownFileType = text.plist.xml; path = "IRKitResources-Info.plist"; sourceTree = "<group>"; };
		C7A1350217AA5D3A00C8679B /* icn_signal@2x.png */ = {isa = PBXFileReference; lastKnownFileType = image.png; path = "icn_signal@2x.png"; sourceTree = "<group>"; };
		C7A1350317AA5D3A00C8679B /* icn_signal.png */ = {isa = PBXFileReference; lastKnownFileType = image.png; path = icn_signal.png; sourceTree = "<group>"; };
		C7A1350617AA5D7300C8679B /* icn_device@2x.png */ = {isa = PBXFileReference; lastKnownFileType = image.png; path = "icn_device@2x.png"; sourceTree = "<group>"; };
		C7A66E8D17A7BB3A00EDE589 /* IRSignalSendOperationQueue.m */ = {isa = PBXFileReference; fileEncoding = 4; lastKnownFileType = sourcecode.c.objc; path = IRSignalSendOperationQueue.m; sourceTree = "<group>"; };
		C7A66E8E17A7BB3A00EDE589 /* IRSignalSendOperationQueue.h */ = {isa = PBXFileReference; fileEncoding = 4; lastKnownFileType = sourcecode.c.h; path = IRSignalSendOperationQueue.h; sourceTree = "<group>"; };
		C7AB0522180ADCEA007288EB /* AudioUnit.framework */ = {isa = PBXFileReference; lastKnownFileType = wrapper.framework; name = AudioUnit.framework; path = System/Library/Frameworks/AudioUnit.framework; sourceTree = SDKROOT; };
		C7AB0524180ADD40007288EB /* AudioToolbox.framework */ = {isa = PBXFileReference; lastKnownFileType = wrapper.framework; name = AudioToolbox.framework; path = System/Library/Frameworks/AudioToolbox.framework; sourceTree = SDKROOT; };
		C7AB418A179530D300E934C3 /* IRNewSignalScene1ViewController.h */ = {isa = PBXFileReference; fileEncoding = 4; lastKnownFileType = sourcecode.c.h; path = IRNewSignalScene1ViewController.h; sourceTree = "<group>"; };
		C7AB418B179530D300E934C3 /* IRNewSignalScene1ViewController.m */ = {isa = PBXFileReference; fileEncoding = 4; lastKnownFileType = sourcecode.c.objc; path = IRNewSignalScene1ViewController.m; sourceTree = "<group>"; };
		C7AC32111850A64200BB190D /* img_remote3@2x.png */ = {isa = PBXFileReference; lastKnownFileType = image.png; path = "img_remote3@2x.png"; sourceTree = "<group>"; };
		C7B5495A17ABD5DA005D91D1 /* IRSignalSendOperation.m */ = {isa = PBXFileReference; fileEncoding = 4; lastKnownFileType = sourcecode.c.objc; path = IRSignalSendOperation.m; sourceTree = "<group>"; };
		C7B5495B17ABD5DA005D91D1 /* IRSignalSendOperation.h */ = {isa = PBXFileReference; fileEncoding = 4; lastKnownFileType = sourcecode.c.h; path = IRSignalSendOperation.h; sourceTree = "<group>"; };
		C7B741B81803FA22005802A7 /* libc++.dylib */ = {isa = PBXFileReference; lastKnownFileType = "compiled.mach-o.dylib"; name = "libc++.dylib"; path = "usr/lib/libc++.dylib"; sourceTree = SDKROOT; };
		C7B741BB1803FB61005802A7 /* IRMorsePlayerOperationQueue.h */ = {isa = PBXFileReference; fileEncoding = 4; lastKnownFileType = sourcecode.c.h; path = IRMorsePlayerOperationQueue.h; sourceTree = "<group>"; };
		C7B741BC1803FB61005802A7 /* IRMorsePlayerOperationQueue.m */ = {isa = PBXFileReference; fileEncoding = 4; lastKnownFileType = sourcecode.c.objc; path = IRMorsePlayerOperationQueue.m; sourceTree = "<group>"; };
		C7B741BE1803FB7A005802A7 /* IRMorsePlayerOperation.h */ = {isa = PBXFileReference; fileEncoding = 4; lastKnownFileType = sourcecode.c.h; path = IRMorsePlayerOperation.h; sourceTree = "<group>"; };
		C7B741BF1803FB7A005802A7 /* IRMorsePlayerOperation.m */ = {isa = PBXFileReference; fileEncoding = 4; lastKnownFileType = sourcecode.c.objc; path = IRMorsePlayerOperation.m; sourceTree = "<group>"; };
		C7B741C11803FD5D005802A7 /* IRMorseTesterViewController.h */ = {isa = PBXFileReference; fileEncoding = 4; lastKnownFileType = sourcecode.c.h; path = IRMorseTesterViewController.h; sourceTree = "<group>"; };
		C7B741C21803FD5D005802A7 /* IRMorseTesterViewController.m */ = {isa = PBXFileReference; fileEncoding = 4; lastKnownFileType = sourcecode.c.objc; path = IRMorseTesterViewController.m; sourceTree = "<group>"; };
		C7C7A305176EFC6C00C9A62F /* IRNewPeripheralViewController.m */ = {isa = PBXFileReference; fileEncoding = 4; lastKnownFileType = sourcecode.c.objc; path = IRNewPeripheralViewController.m; sourceTree = "<group>"; };
		C7C7A306176EFC6C00C9A62F /* IRNewPeripheralViewController.h */ = {isa = PBXFileReference; fileEncoding = 4; lastKnownFileType = sourcecode.c.h; path = IRNewPeripheralViewController.h; sourceTree = "<group>"; };
		C7C7A30C176F05C500C9A62F /* IRNewPeripheralScene1ViewController.m */ = {isa = PBXFileReference; fileEncoding = 4; lastKnownFileType = sourcecode.c.objc; path = IRNewPeripheralScene1ViewController.m; sourceTree = "<group>"; };
		C7C7A30D176F05C500C9A62F /* IRNewPeripheralScene1ViewController.h */ = {isa = PBXFileReference; fileEncoding = 4; lastKnownFileType = sourcecode.c.h; path = IRNewPeripheralScene1ViewController.h; sourceTree = "<group>"; };
		C7C7A317176F0FC400C9A62F /* CoreFoundation.framework */ = {isa = PBXFileReference; lastKnownFileType = wrapper.framework; name = CoreFoundation.framework; path = System/Library/Frameworks/CoreFoundation.framework; sourceTree = SDKROOT; };
		C7D0560F18041E3F00660217 /* AVFoundation.framework */ = {isa = PBXFileReference; lastKnownFileType = wrapper.framework; name = AVFoundation.framework; path = System/Library/Frameworks/AVFoundation.framework; sourceTree = SDKROOT; };
		C7E4E332185210BC00EC864E /* Base */ = {isa = PBXFileReference; lastKnownFileType = file.xib; name = Base; path = Base.lproj/IRNewPeripheralScene1ViewController.xib; sourceTree = "<group>"; };
		C7E4E333185210BC00EC864E /* Base */ = {isa = PBXFileReference; lastKnownFileType = file.xib; name = Base; path = Base.lproj/IRWifiEditViewController.xib; sourceTree = "<group>"; };
		C7E4E334185210BC00EC864E /* Base */ = {isa = PBXFileReference; lastKnownFileType = file.xib; name = Base; path = Base.lproj/IRNewPeripheralScene2ViewController.xib; sourceTree = "<group>"; };
		C7E4E335185210BC00EC864E /* Base */ = {isa = PBXFileReference; lastKnownFileType = file.xib; name = Base; path = Base.lproj/IRMorsePlayerViewController.xib; sourceTree = "<group>"; };
		C7E4E336185210BC00EC864E /* Base */ = {isa = PBXFileReference; lastKnownFileType = file.xib; name = Base; path = Base.lproj/IRPeripheralNameEditViewController.xib; sourceTree = "<group>"; };
		C7E4E337185210BC00EC864E /* Base */ = {isa = PBXFileReference; lastKnownFileType = file.xib; name = Base; path = Base.lproj/IRNewSignalScene1ViewController.xib; sourceTree = "<group>"; };
		C7E4E338185210BC00EC864E /* Base */ = {isa = PBXFileReference; lastKnownFileType = file.xib; name = Base; path = Base.lproj/IRSignalNameEditViewController.xib; sourceTree = "<group>"; };
		C7E4E339185210BC00EC864E /* Base */ = {isa = PBXFileReference; lastKnownFileType = file.storyboard; name = Base; path = Base.lproj/MainStoryboard.storyboard; sourceTree = "<group>"; };
		C7E4E33A185210C900EC864E /* ja */ = {isa = PBXFileReference; lastKnownFileType = text.plist.strings; name = ja; path = ja.lproj/IRNewPeripheralScene1ViewController.strings; sourceTree = "<group>"; };
		C7E4E33B185210C900EC864E /* ja */ = {isa = PBXFileReference; lastKnownFileType = text.plist.strings; name = ja; path = ja.lproj/IRWifiEditViewController.strings; sourceTree = "<group>"; };
		C7E4E33C185210C900EC864E /* ja */ = {isa = PBXFileReference; lastKnownFileType = text.plist.strings; name = ja; path = ja.lproj/IRNewPeripheralScene2ViewController.strings; sourceTree = "<group>"; };
		C7E4E33D185210C900EC864E /* ja */ = {isa = PBXFileReference; lastKnownFileType = text.plist.strings; name = ja; path = ja.lproj/IRMorsePlayerViewController.strings; sourceTree = "<group>"; };
		C7E4E33E185210C900EC864E /* ja */ = {isa = PBXFileReference; lastKnownFileType = text.plist.strings; name = ja; path = ja.lproj/IRPeripheralNameEditViewController.strings; sourceTree = "<group>"; };
		C7E4E33F185210C900EC864E /* ja */ = {isa = PBXFileReference; lastKnownFileType = text.plist.strings; name = ja; path = ja.lproj/IRNewSignalScene1ViewController.strings; sourceTree = "<group>"; };
		C7E4E340185210C900EC864E /* ja */ = {isa = PBXFileReference; lastKnownFileType = text.plist.strings; name = ja; path = ja.lproj/IRSignalNameEditViewController.strings; sourceTree = "<group>"; };
		C7E4E341185210C900EC864E /* ja */ = {isa = PBXFileReference; lastKnownFileType = text.plist.strings; name = ja; path = ja.lproj/MainStoryboard.strings; sourceTree = "<group>"; };
		C7E4E342185210C900EC864E /* ja */ = {isa = PBXFileReference; lastKnownFileType = text.plist.strings; name = ja; path = ja.lproj/InfoPlist.strings; sourceTree = "<group>"; };
		C7E4E343185210C900EC864E /* ja */ = {isa = PBXFileReference; lastKnownFileType = text.plist.strings; name = ja; path = ja.lproj/InfoPlist.strings; sourceTree = "<group>"; };
		C7F7D755178CF4AF00C3CF0F /* IRWebViewController.h */ = {isa = PBXFileReference; fileEncoding = 4; lastKnownFileType = sourcecode.c.h; path = IRWebViewController.h; sourceTree = "<group>"; };
		C7F7D756178CF4AF00C3CF0F /* IRWebViewController.m */ = {isa = PBXFileReference; fileEncoding = 4; lastKnownFileType = sourcecode.c.objc; path = IRWebViewController.m; sourceTree = "<group>"; };
		C7FAB01E17467A5400125BCB /* CoreBluetooth.framework */ = {isa = PBXFileReference; lastKnownFileType = wrapper.framework; name = CoreBluetooth.framework; path = System/Library/Frameworks/CoreBluetooth.framework; sourceTree = SDKROOT; };
		C7FAB02017467CBF00125BCB /* Log.h */ = {isa = PBXFileReference; fileEncoding = 4; lastKnownFileType = sourcecode.c.h; path = Log.h; sourceTree = "<group>"; };
		C7FAB02117467CBF00125BCB /* Log.m */ = {isa = PBXFileReference; fileEncoding = 4; lastKnownFileType = sourcecode.c.objc; path = Log.m; sourceTree = "<group>"; };
		C7FAB0251746889000125BCB /* IRConst.h */ = {isa = PBXFileReference; lastKnownFileType = sourcecode.c.h; path = IRConst.h; sourceTree = "<group>"; };
		C7FFC7C6184CCE790007B178 /* IRHTTPJSONOperation.h */ = {isa = PBXFileReference; fileEncoding = 4; lastKnownFileType = sourcecode.c.h; path = IRHTTPJSONOperation.h; sourceTree = "<group>"; };
		C7FFC7C7184CCE790007B178 /* IRHTTPJSONOperation.m */ = {isa = PBXFileReference; fileEncoding = 4; lastKnownFileType = sourcecode.c.objc; path = IRHTTPJSONOperation.m; sourceTree = "<group>"; };
/* End PBXFileReference section */

/* Begin PBXFrameworksBuildPhase section */
		C71D909517977D2200CEC73F /* Frameworks */ = {
			isa = PBXFrameworksBuildPhase;
			buildActionMask = 2147483647;
			files = (
				C776CC4017B3A3C500E1824D /* CoreGraphics.framework in Frameworks */,
				C71D90AE17978B2E00CEC73F /* UIKit.framework in Frameworks */,
				C71D90AD17978B1700CEC73F /* libIRKit.a in Frameworks */,
				C71D90A71797809200CEC73F /* SenTestingKit.framework in Frameworks */,
				C71D909917977D2200CEC73F /* CoreFoundation.framework in Frameworks */,
			);
			runOnlyForDeploymentPostprocessing = 0;
		};
		C735040A17A029C30057D51B /* Frameworks */ = {
			isa = PBXFrameworksBuildPhase;
			buildActionMask = 2147483647;
			files = (
				C75CF06618506D7E0086ED4F /* MediaPlayer.framework in Frameworks */,
				C75CF062185061180086ED4F /* SystemConfiguration.framework in Frameworks */,
				C7756778184B23A100C6D4DB /* libPods.a in Frameworks */,
				C7AB0525180ADD40007288EB /* AudioToolbox.framework in Frameworks */,
				C7D0561118041E4F00660217 /* AVFoundation.framework in Frameworks */,
				C7B741BA1803FA41005802A7 /* libc++.dylib in Frameworks */,
				C75CFC8817A6671200870A1B /* QuartzCore.framework in Frameworks */,
				C735043217A030A60057D51B /* libIRKit.a in Frameworks */,
				C735042F17A0304A0057D51B /* CoreBluetooth.framework in Frameworks */,
				C735040E17A029C30057D51B /* UIKit.framework in Frameworks */,
				C735040F17A029C30057D51B /* Foundation.framework in Frameworks */,
				C735041017A029C30057D51B /* CoreGraphics.framework in Frameworks */,
			);
			runOnlyForDeploymentPostprocessing = 0;
		};
		C752D6FB17462C7B008B644A /* Frameworks */ = {
			isa = PBXFrameworksBuildPhase;
			buildActionMask = 2147483647;
			files = (
				C752D70217462C7B008B644A /* Foundation.framework in Frameworks */,
			);
			runOnlyForDeploymentPostprocessing = 0;
		};
		C79DE3B6176F25260088679E /* Frameworks */ = {
			isa = PBXFrameworksBuildPhase;
			buildActionMask = 2147483647;
			files = (
			);
			runOnlyForDeploymentPostprocessing = 0;
		};
/* End PBXFrameworksBuildPhase section */

/* Begin PBXGroup section */
		C71D909A17977D2200CEC73F /* IRKitTests */ = {
			isa = PBXGroup;
			children = (
				C71D90A81797862300CEC73F /* IRHelperTests.h */,
				C71D90A91797862300CEC73F /* IRHelperTests.m */,
				C71D90A517977D6A00CEC73F /* IRKitTests.h */,
				C71D90A417977D6A00CEC73F /* IRKitTests.m */,
				C71D909B17977D2200CEC73F /* Supporting Files */,
			);
			path = IRKitTests;
			sourceTree = "<group>";
		};
		C71D909B17977D2200CEC73F /* Supporting Files */ = {
			isa = PBXGroup;
			children = (
				C71D909C17977D2200CEC73F /* IRKitTests-Info.plist */,
				C71D909D17977D2200CEC73F /* InfoPlist.strings */,
			);
			name = "Supporting Files";
			sourceTree = "<group>";
		};
		C727D2291754FBC20006810C /* cells */ = {
			isa = PBXGroup;
			children = (
				C78F6FE7182B8E77002AAC7B /* IREditCell.m */,
				C78F6FE8182B8E77002AAC7B /* IREditCell.h */,
				C75B5680174A405B00FFE5CB /* IRPeripheralCell.m */,
				C75B5681174A405B00FFE5CB /* IRPeripheralCell.h */,
			);
			name = cells;
			sourceTree = "<group>";
		};
		C735041117A029C30057D51B /* IRKitViewSamples */ = {
			isa = PBXGroup;
			children = (
				C735041A17A029C40057D51B /* IRAppDelegate.h */,
				C735041B17A029C40057D51B /* IRAppDelegate.m */,
				C735042C17A02B0D0057D51B /* IRSamplesTableViewController.h */,
				C735042D17A02B0D0057D51B /* IRSamplesTableViewController.m */,
				C7B741C11803FD5D005802A7 /* IRMorseTesterViewController.h */,
				C7B741C21803FD5D005802A7 /* IRMorseTesterViewController.m */,
				C735042317A029C40057D51B /* MainStoryboard.storyboard */,
				C735041217A029C30057D51B /* Supporting Files */,
			);
			path = IRKitViewSamples;
			sourceTree = "<group>";
		};
		C735041217A029C30057D51B /* Supporting Files */ = {
			isa = PBXGroup;
			children = (
				C735041317A029C30057D51B /* IRKitViewSamples-Info.plist */,
				C735041417A029C40057D51B /* InfoPlist.strings */,
				C735041717A029C40057D51B /* main.m */,
				C735041917A029C40057D51B /* IRKitViewSamples-Prefix.pch */,
				C735041D17A029C40057D51B /* Default.png */,
				C735041F17A029C40057D51B /* Default@2x.png */,
				C735042117A029C40057D51B /* Default-568h@2x.png */,
			);
			name = "Supporting Files";
			sourceTree = "<group>";
		};
		C73CB4DB17856CD100B3F2C0 /* operation */ = {
			isa = PBXGroup;
			children = (
				C7A66E8D17A7BB3A00EDE589 /* IRSignalSendOperationQueue.m */,
				C7A66E8E17A7BB3A00EDE589 /* IRSignalSendOperationQueue.h */,
				C7B5495A17ABD5DA005D91D1 /* IRSignalSendOperation.m */,
				C7B5495B17ABD5DA005D91D1 /* IRSignalSendOperation.h */,
				C73CB4D917856CC100B3F2C0 /* IRPeripheralWriteOperationQueue.m */,
				C73CB4D817856CC100B3F2C0 /* IRPeripheralWriteOperationQueue.h */,
				C73CB4D617856B5B00B3F2C0 /* IRPeripheralWriteOperation.m */,
				C73CB4D517856B5B00B3F2C0 /* IRPeripheralWriteOperation.h */,
				C7B741BC1803FB61005802A7 /* IRMorsePlayerOperationQueue.m */,
				C7B741BB1803FB61005802A7 /* IRMorsePlayerOperationQueue.h */,
				C7B741BF1803FB7A005802A7 /* IRMorsePlayerOperation.m */,
				C7B741BE1803FB7A005802A7 /* IRMorsePlayerOperation.h */,
				C7FFC7C6184CCE790007B178 /* IRHTTPJSONOperation.h */,
				C7FFC7C7184CCE790007B178 /* IRHTTPJSONOperation.m */,
			);
			name = operation;
			sourceTree = "<group>";
		};
		C752D6F517462C7B008B644A = {
			isa = PBXGroup;
			children = (
				C752D70317462C7B008B644A /* IRKit */,
				C79DE3BB176F25260088679E /* IRKitResources */,
				C71D909A17977D2200CEC73F /* IRKitTests */,
				C735041117A029C30057D51B /* IRKitViewSamples */,
				C752D70017462C7B008B644A /* Frameworks */,
				C752D6FF17462C7B008B644A /* Products */,
				6A92507FB75A49B8B9640873 /* Pods.xcconfig */,
			);
			sourceTree = "<group>";
		};
		C752D6FF17462C7B008B644A /* Products */ = {
			isa = PBXGroup;
			children = (
				C752D6FE17462C7B008B644A /* libIRKit.a */,
				C79DE3B9176F25260088679E /* IRKitResources.bundle */,
				C71D909817977D2200CEC73F /* IRKitTests.octest */,
				C735040D17A029C30057D51B /* IRKitViewSamples.app */,
			);
			name = Products;
			sourceTree = "<group>";
		};
		C752D70017462C7B008B644A /* Frameworks */ = {
			isa = PBXGroup;
			children = (
				C75CF06518506D7E0086ED4F /* MediaPlayer.framework */,
				C75CF061185061180086ED4F /* SystemConfiguration.framework */,
				C7756777184B23A100C6D4DB /* libPods.a */,
				C7AB0524180ADD40007288EB /* AudioToolbox.framework */,
				C7AB0522180ADCEA007288EB /* AudioUnit.framework */,
				C7D0560F18041E3F00660217 /* AVFoundation.framework */,
				C7B741B81803FA22005802A7 /* libc++.dylib */,
				C714890E17C46D6E00713890 /* libstdc++.dylib */,
				C75CFC8717A6671200870A1B /* QuartzCore.framework */,
				C79DE3B3176F20B50088679E /* UIKit.framework */,
				C79DE3B1176F20A30088679E /* CoreGraphics.framework */,
				C7FAB01E17467A5400125BCB /* CoreBluetooth.framework */,
				C752D70117462C7B008B644A /* Foundation.framework */,
				C752D71017462C7B008B644A /* SenTestingKit.framework */,
				C7C7A317176F0FC400C9A62F /* CoreFoundation.framework */,
			);
			name = Frameworks;
			sourceTree = "<group>";
		};
		C752D70317462C7B008B644A /* IRKit */ = {
			isa = PBXGroup;
			children = (
				C7C14F19180FEA070025B865 /* dependencies */,
				C73CB4DB17856CD100B3F2C0 /* operation */,
				C7C7A308176EFC7300C9A62F /* viewcontrollers */,
				C727D2291754FBC20006810C /* cells */,
				C7C7A30A176EFC9A00C9A62F /* views */,
				C75B5686174A7AB100FFE5CB /* IRSignals.m */,
				C75B5687174A7AB100FFE5CB /* IRSignals.h */,
				C75B5688174A7AB200FFE5CB /* IRSignal.m */,
				C75B5689174A7AB200FFE5CB /* IRSignal.h */,
				C7554F401749F2E000BDF920 /* IRPeripherals.h */,
				C7554F411749F2E000BDF920 /* IRPeripherals.m */,
				C7554F301749E65B00BDF920 /* IRPeripheral.h */,
				C7554F311749E65B00BDF920 /* IRPeripheral.m */,
				C7554F1C1749D84C00BDF920 /* IRFunc.h */,
				C7554F1D1749D84C00BDF920 /* IRFunc.m */,
				C7FAB0251746889000125BCB /* IRConst.h */,
				C73E37E2174DB9AE00872C04 /* IRPersistentStore.h */,
				C73E37E3174DB9AE00872C04 /* IRPersistentStore.m */,
				C73E37E5174DF20300872C04 /* IRHelper.h */,
				C73E37E6174DF20300872C04 /* IRHelper.m */,
				C701BEC0182BA72C00C31F4B /* IRKeys.h */,
				C701BEC1182BA72C00C31F4B /* IRKeys.m */,
				C752D70617462C7B008B644A /* IRKit.h */,
				C752D70817462C7B008B644A /* IRKit.m */,
				C703E826183DFA6900B8446C /* IRHTTPClient.h */,
				C703E827183DFA6900B8446C /* IRHTTPClient.m */,
				C703E829183E0DD900B8446C /* CRC8.c */,
				C703E82B183E0DF600B8446C /* CRC8.h */,
				C79C5947183F5E49002136CD /* IRSearcher.h */,
				C79C5948183F5E49002136CD /* IRSearcher.m */,
				C752D70417462C7B008B644A /* Supporting Files */,
			);
			path = IRKit;
			sourceTree = "<group>";
		};
		C752D70417462C7B008B644A /* Supporting Files */ = {
			isa = PBXGroup;
			children = (
				C7FAB02017467CBF00125BCB /* Log.h */,
				C7FAB02117467CBF00125BCB /* Log.m */,
				C752D70517462C7B008B644A /* IRKit-Prefix.pch */,
			);
			name = "Supporting Files";
			sourceTree = "<group>";
		};
		C79DE3BB176F25260088679E /* IRKitResources */ = {
			isa = PBXGroup;
			children = (
				C79DE3C5176F25750088679E /* Resources */,
				C79DE3BD176F25260088679E /* IRKitResources-Info.plist */,
			);
			path = IRKitResources;
			sourceTree = "<group>";
		};
		C79DE3C5176F25750088679E /* Resources */ = {
			isa = PBXGroup;
			children = (
				C79CCB4E185356EA00ECB707 /* anime_20@2x.png */,
				C79CCB4F185356EA00ECB707 /* anime_19@2x.png */,
				C79CCB50185356EA00ECB707 /* anime_18@2x.png */,
				C79CCB51185356EA00ECB707 /* anime_17@2x.png */,
				C79CCB52185356EA00ECB707 /* anime_16@2x.png */,
				C79CCB53185356EA00ECB707 /* anime_15@2x.png */,
				C79CCB54185356EA00ECB707 /* anime_14@2x.png */,
				C79CCB55185356EA00ECB707 /* anime_13@2x.png */,
				C79CCB56185356EA00ECB707 /* anime_12@2x.png */,
				C79CCB57185356EA00ECB707 /* anime_11@2x.png */,
				C79CCB58185356EA00ECB707 /* anime_10@2x.png */,
				C79CCB59185356EA00ECB707 /* anime_08@2x.png */,
				C79CCB5A185356EA00ECB707 /* anime_09@2x.png */,
				C79CCB5B185356EA00ECB707 /* anime_07@2x.png */,
				C79CCB5C185356EA00ECB707 /* anime_06@2x.png */,
				C79CCB5D185356EA00ECB707 /* anime_05@2x.png */,
				C79CCB5E185356EA00ECB707 /* anime_04@2x.png */,
				C79CCB5F185356EA00ECB707 /* anime_03@2x.png */,
				C79CCB60185356EA00ECB707 /* anime_02@2x.png */,
				C79CCB61185356EA00ECB707 /* anime_01@2x.png */,
				C721651B18521C80000BD43D /* Localizable.strings */,
				C7AC32111850A64200BB190D /* img_remote3@2x.png */,
				C75CF063185062600086ED4F /* img_powerup3@2x.png */,
				C707ECD5184C84CE00AC5F0B /* img_prepare3@2x.png */,
				C7693F8517A12AF900EC43FC /* icn_arrow@2x.png */,
				C707ECCA184C7C6D00AC5F0B /* icn_check2@2x.png */,
				C7A1350617AA5D7300C8679B /* icn_device@2x.png */,
				C707ECCB184C7C6D00AC5F0B /* icn_navibar_add@2x.png */,
				C707ECCC184C7C6D00AC5F0B /* icn_navibar_back@2x.png */,
				C707ECCE184C7C6E00AC5F0B /* icn_navibar_camera@2x.png */,
				C707ECCD184C7C6D00AC5F0B /* icn_navibar_cancel@2x.png */,
				C707ECC9184C7C6D00AC5F0B /* icn_navibar_menu@2x.png */,
				C7A1350317AA5D3A00C8679B /* icn_signal.png */,
				C7A1350217AA5D3A00C8679B /* icn_signal@2x.png */,
				C78F6FE5182B8D89002AAC7B /* IREditCell.xib */,
				C7E4E31F18520C6B00EC864E /* IRNewPeripheralScene1ViewController.xib */,
				C7E4E33118520CAB00EC864E /* IRWifiEditViewController.xib */,
				C701BEBB182B9F5C00C31F4B /* IRWifiSecuritySelectViewController.xib */,
				C7E4E32518520C9900EC864E /* IRNewPeripheralScene2ViewController.xib */,
				C7E4E32218520C9100EC864E /* IRMorsePlayerViewController.xib */,
				C7E4E32B18520CA300EC864E /* IRPeripheralNameEditViewController.xib */,
				C7E4E32818520C9D00EC864E /* IRNewSignalScene1ViewController.xib */,
				C7E4E32E18520CA700EC864E /* IRSignalNameEditViewController.xib */,
				C75CFC8517A65E1C00870A1B /* IRPeripheralCell.xib */,
			);
			name = Resources;
			sourceTree = "<group>";
		};
		C7C14F19180FEA070025B865 /* dependencies */ = {
			isa = PBXGroup;
			children = (
			);
			name = dependencies;
			sourceTree = "<group>";
		};
		C7C7A308176EFC7300C9A62F /* viewcontrollers */ = {
			isa = PBXGroup;
			children = (
				C77150F71772DF4A004F9FE3 /* IRNewSignalViewController.m */,
				C77150F81772DF4A004F9FE3 /* IRNewSignalViewController.h */,
				C7AB418B179530D300E934C3 /* IRNewSignalScene1ViewController.m */,
				C7AB418A179530D300E934C3 /* IRNewSignalScene1ViewController.h */,
				C7603E8917A9FAE000A7AF1E /* IRSignalNameEditViewController.m */,
				C7603E8A17A9FAE000A7AF1E /* IRSignalNameEditViewController.h */,
				C7C7A305176EFC6C00C9A62F /* IRNewPeripheralViewController.m */,
				C7C7A306176EFC6C00C9A62F /* IRNewPeripheralViewController.h */,
				C7C7A30C176F05C500C9A62F /* IRNewPeripheralScene1ViewController.m */,
				C7C7A30D176F05C500C9A62F /* IRNewPeripheralScene1ViewController.h */,
				C78F6FDF182B8134002AAC7B /* IRWifiEditViewController.m */,
				C78F6FE0182B8134002AAC7B /* IRWifiEditViewController.h */,
				C701BEBD182B9F6D00C31F4B /* IRWifiSecuritySelectViewController.m */,
				C701BEBE182B9F6D00C31F4B /* IRWifiSecuritySelectViewController.h */,
				C77150EA17720271004F9FE3 /* IRNewPeripheralScene2ViewController.m */,
				C77150EB17720271004F9FE3 /* IRNewPeripheralScene2ViewController.h */,
				C763C6B71839AF6D00D1D155 /* IRMorsePlayerViewController.m */,
				C763C6B61839AF6D00D1D155 /* IRMorsePlayerViewController.h */,
				C77150ED17728F9C004F9FE3 /* IRPeripheralNameEditViewController.m */,
				C77150EE17728F9C004F9FE3 /* IRPeripheralNameEditViewController.h */,
				C7F7D756178CF4AF00C3CF0F /* IRWebViewController.m */,
				C7F7D755178CF4AF00C3CF0F /* IRWebViewController.h */,
			);
			name = viewcontrollers;
			sourceTree = "<group>";
		};
		C7C7A30A176EFC9A00C9A62F /* views */ = {
			isa = PBXGroup;
			children = (
				C73E37E0174B8EB100872C04 /* IRChartView.m */,
				C73E37DF174B8EB100872C04 /* IRChartView.h */,
				C7603E8317A8BC6F00A7AF1E /* IRViewCustomizer.m */,
				C7603E8217A8BC6F00A7AF1E /* IRViewCustomizer.h */,
			);
			name = views;
			sourceTree = "<group>";
		};
/* End PBXGroup section */

/* Begin PBXNativeTarget section */
		C71D909717977D2200CEC73F /* IRKitTests */ = {
			isa = PBXNativeTarget;
			buildConfigurationList = C71D90A117977D2200CEC73F /* Build configuration list for PBXNativeTarget "IRKitTests" */;
			buildPhases = (
				C71D909417977D2200CEC73F /* Sources */,
				C71D909517977D2200CEC73F /* Frameworks */,
				C71D909617977D2200CEC73F /* Resources */,
			);
			buildRules = (
			);
			dependencies = (
				C71D90AC17978B0800CEC73F /* PBXTargetDependency */,
			);
			name = IRKitTests;
			productName = IRKitTests;
			productReference = C71D909817977D2200CEC73F /* IRKitTests.octest */;
			productType = "com.apple.product-type.bundle";
		};
		C735040C17A029C30057D51B /* IRKitViewSamples */ = {
			isa = PBXNativeTarget;
			buildConfigurationList = C735042917A029C40057D51B /* Build configuration list for PBXNativeTarget "IRKitViewSamples" */;
			buildPhases = (
				C735040917A029C30057D51B /* Sources */,
				C735040A17A029C30057D51B /* Frameworks */,
				C735040B17A029C30057D51B /* Resources */,
			);
			buildRules = (
			);
			dependencies = (
				C735043917A038FB0057D51B /* PBXTargetDependency */,
			);
			name = IRKitViewSamples;
			productName = IRKitViewSamples;
			productReference = C735040D17A029C30057D51B /* IRKitViewSamples.app */;
			productType = "com.apple.product-type.application";
		};
		C752D6FD17462C7B008B644A /* IRKit */ = {
			isa = PBXNativeTarget;
			buildConfigurationList = C752D72317462C7B008B644A /* Build configuration list for PBXNativeTarget "IRKit" */;
			buildPhases = (
				C752D6FA17462C7B008B644A /* Sources */,
				C752D6FB17462C7B008B644A /* Frameworks */,
				C752D6FC17462C7B008B644A /* CopyFiles */,
			);
			buildRules = (
			);
			dependencies = (
				C79DE3C9176F271A0088679E /* PBXTargetDependency */,
			);
			name = IRKit;
			productName = IRKit;
			productReference = C752D6FE17462C7B008B644A /* libIRKit.a */;
			productType = "com.apple.product-type.library.static";
		};
		C79DE3B8176F25260088679E /* IRKitResources */ = {
			isa = PBXNativeTarget;
			buildConfigurationList = C79DE3C2176F25260088679E /* Build configuration list for PBXNativeTarget "IRKitResources" */;
			buildPhases = (
				C79DE3B5176F25260088679E /* Sources */,
				C79DE3B6176F25260088679E /* Frameworks */,
				C79DE3B7176F25260088679E /* Resources */,
				C735043717A0361C0057D51B /* ShellScript */,
			);
			buildRules = (
			);
			dependencies = (
			);
			name = IRKitResources;
			productName = IRKitResources;
			productReference = C79DE3B9176F25260088679E /* IRKitResources.bundle */;
			productType = "com.apple.product-type.bundle";
		};
/* End PBXNativeTarget section */

/* Begin PBXProject section */
		C752D6F617462C7B008B644A /* Project object */ = {
			isa = PBXProject;
			attributes = {
				CLASSPREFIX = IR;
				LastUpgradeCheck = 0500;
				ORGANIZATIONNAME = "";
			};
			buildConfigurationList = C752D6F917462C7B008B644A /* Build configuration list for PBXProject "IRKit" */;
			compatibilityVersion = "Xcode 3.2";
			developmentRegion = English;
			hasScannedForEncodings = 0;
			knownRegions = (
				en,
				Base,
				ja,
			);
			mainGroup = C752D6F517462C7B008B644A;
			productRefGroup = C752D6FF17462C7B008B644A /* Products */;
			projectDirPath = "";
			projectRoot = "";
			targets = (
				C752D6FD17462C7B008B644A /* IRKit */,
				C79DE3B8176F25260088679E /* IRKitResources */,
				C71D909717977D2200CEC73F /* IRKitTests */,
				C735040C17A029C30057D51B /* IRKitViewSamples */,
			);
		};
/* End PBXProject section */

/* Begin PBXResourcesBuildPhase section */
		C71D909617977D2200CEC73F /* Resources */ = {
			isa = PBXResourcesBuildPhase;
			buildActionMask = 2147483647;
			files = (
				C71D909F17977D2200CEC73F /* InfoPlist.strings in Resources */,
			);
			runOnlyForDeploymentPostprocessing = 0;
		};
		C735040B17A029C30057D51B /* Resources */ = {
			isa = PBXResourcesBuildPhase;
			buildActionMask = 2147483647;
			files = (
				C735043517A0341D0057D51B /* IRKitResources.bundle in Resources */,
				C735041617A029C40057D51B /* InfoPlist.strings in Resources */,
				C735041E17A029C40057D51B /* Default.png in Resources */,
				C735042017A029C40057D51B /* Default@2x.png in Resources */,
				C735042217A029C40057D51B /* Default-568h@2x.png in Resources */,
				C735042517A029C40057D51B /* MainStoryboard.storyboard in Resources */,
			);
			runOnlyForDeploymentPostprocessing = 0;
		};
		C79DE3B7176F25260088679E /* Resources */ = {
			isa = PBXResourcesBuildPhase;
			buildActionMask = 2147483647;
			files = (
				C78F6FE6182B8D89002AAC7B /* IREditCell.xib in Resources */,
				C79CCB6D185356EA00ECB707 /* anime_08@2x.png in Resources */,
				C79CCB65185356EA00ECB707 /* anime_17@2x.png in Resources */,
				C707ECCF184C7C6E00AC5F0B /* icn_navibar_menu@2x.png in Resources */,
				C79CCB6A185356EA00ECB707 /* anime_12@2x.png in Resources */,
				C707ECD1184C7C6E00AC5F0B /* icn_navibar_add@2x.png in Resources */,
				C707ECD2184C7C6E00AC5F0B /* icn_navibar_back@2x.png in Resources */,
				C707ECD6184C84CE00AC5F0B /* img_prepare3@2x.png in Resources */,
				C79CCB6F185356EA00ECB707 /* anime_07@2x.png in Resources */,
				C75CF064185062600086ED4F /* img_powerup3@2x.png in Resources */,
				C79CCB75185356EA00ECB707 /* anime_01@2x.png in Resources */,
				C79CCB71185356EA00ECB707 /* anime_05@2x.png in Resources */,
				C7E4E31D18520C6B00EC864E /* IRNewPeripheralScene1ViewController.xib in Resources */,
				C7E4E32F18520CAB00EC864E /* IRWifiEditViewController.xib in Resources */,
				C707ECD0184C7C6E00AC5F0B /* icn_check2@2x.png in Resources */,
				C7E4E32318520C9900EC864E /* IRNewPeripheralScene2ViewController.xib in Resources */,
				C7E4E32918520CA300EC864E /* IRPeripheralNameEditViewController.xib in Resources */,
				C707ECD4184C7C6E00AC5F0B /* icn_navibar_camera@2x.png in Resources */,
				C7E4E32618520C9D00EC864E /* IRNewSignalScene1ViewController.xib in Resources */,
				C721651D18521C80000BD43D /* Localizable.strings in Resources */,
				C7693F8717A12AF900EC43FC /* icn_arrow@2x.png in Resources */,
				C75CFC8617A65E1C00870A1B /* IRPeripheralCell.xib in Resources */,
				C79CCB6E185356EA00ECB707 /* anime_09@2x.png in Resources */,
				C701BEBC182B9F5C00C31F4B /* IRWifiSecuritySelectViewController.xib in Resources */,
				C79CCB6B185356EA00ECB707 /* anime_11@2x.png in Resources */,
				C7E4E32C18520CA700EC864E /* IRSignalNameEditViewController.xib in Resources */,
				C7A1350417AA5D3A00C8679B /* icn_signal@2x.png in Resources */,
				C79CCB73185356EA00ECB707 /* anime_03@2x.png in Resources */,
				C79CCB72185356EA00ECB707 /* anime_04@2x.png in Resources */,
				C79CCB6C185356EA00ECB707 /* anime_10@2x.png in Resources */,
				C79CCB70185356EA00ECB707 /* anime_06@2x.png in Resources */,
				C79CCB62185356EA00ECB707 /* anime_20@2x.png in Resources */,
				C7A1350517AA5D3A00C8679B /* icn_signal.png in Resources */,
				C79CCB64185356EA00ECB707 /* anime_18@2x.png in Resources */,
				C707ECD3184C7C6E00AC5F0B /* icn_navibar_cancel@2x.png in Resources */,
				C79CCB68185356EA00ECB707 /* anime_14@2x.png in Resources */,
				C79CCB69185356EA00ECB707 /* anime_13@2x.png in Resources */,
				C7A1350817AA5D7300C8679B /* icn_device@2x.png in Resources */,
				C79CCB74185356EA00ECB707 /* anime_02@2x.png in Resources */,
				C7AC32121850A64200BB190D /* img_remote3@2x.png in Resources */,
				C79CCB66185356EA00ECB707 /* anime_16@2x.png in Resources */,
				C79CCB67185356EA00ECB707 /* anime_15@2x.png in Resources */,
				C7E4E32018520C9100EC864E /* IRMorsePlayerViewController.xib in Resources */,
				C79CCB63185356EA00ECB707 /* anime_19@2x.png in Resources */,
			);
			runOnlyForDeploymentPostprocessing = 0;
		};
/* End PBXResourcesBuildPhase section */

/* Begin PBXShellScriptBuildPhase section */
		C735043717A0361C0057D51B /* ShellScript */ = {
			isa = PBXShellScriptBuildPhase;
			buildActionMask = 2147483647;
			files = (
			);
			inputPaths = (
			);
			outputPaths = (
			);
			runOnlyForDeploymentPostprocessing = 0;
			shellPath = /bin/sh;
			shellScript = "set -ex\necho $BUILT_PRODUCTS_DIR\necho $TARGET_BUILD_DIR";
		};
/* End PBXShellScriptBuildPhase section */

/* Begin PBXSourcesBuildPhase section */
		C71D909417977D2200CEC73F /* Sources */ = {
			isa = PBXSourcesBuildPhase;
			buildActionMask = 2147483647;
			files = (
				C71D90A617977D6A00CEC73F /* IRKitTests.m in Sources */,
				C71D90AA1797862300CEC73F /* IRHelperTests.m in Sources */,
			);
			runOnlyForDeploymentPostprocessing = 0;
		};
		C735040917A029C30057D51B /* Sources */ = {
			isa = PBXSourcesBuildPhase;
			buildActionMask = 2147483647;
			files = (
				C735041817A029C40057D51B /* main.m in Sources */,
				C7B741C31803FD5D005802A7 /* IRMorseTesterViewController.m in Sources */,
				C735041C17A029C40057D51B /* IRAppDelegate.m in Sources */,
				C735042E17A02B0D0057D51B /* IRSamplesTableViewController.m in Sources */,
			);
			runOnlyForDeploymentPostprocessing = 0;
		};
		C752D6FA17462C7B008B644A /* Sources */ = {
			isa = PBXSourcesBuildPhase;
			buildActionMask = 2147483647;
			files = (
				C701BEBF182B9F6D00C31F4B /* IRWifiSecuritySelectViewController.m in Sources */,
				C752D70917462C7B008B644A /* IRKit.m in Sources */,
				C7FAB02217467CBF00125BCB /* Log.m in Sources */,
				C7554F1E1749D84C00BDF920 /* IRFunc.m in Sources */,
				C7554F321749E65B00BDF920 /* IRPeripheral.m in Sources */,
				C7554F421749F2E000BDF920 /* IRPeripherals.m in Sources */,
				C75B5682174A405B00FFE5CB /* IRPeripheralCell.m in Sources */,
				C79C5949183F5E49002136CD /* IRSearcher.m in Sources */,
				C78F6FE1182B8134002AAC7B /* IRWifiEditViewController.m in Sources */,
				C703E828183DFA6900B8446C /* IRHTTPClient.m in Sources */,
				C75B568A174A7AB200FFE5CB /* IRSignals.m in Sources */,
				C763C6B81839AF6D00D1D155 /* IRMorsePlayerViewController.m in Sources */,
				C75B568B174A7AB200FFE5CB /* IRSignal.m in Sources */,
				C7B741BD1803FB61005802A7 /* IRMorsePlayerOperationQueue.m in Sources */,
				C73E37E1174B8EB100872C04 /* IRChartView.m in Sources */,
				C73E37E4174DB9AE00872C04 /* IRPersistentStore.m in Sources */,
				C701BEC2182BA72C00C31F4B /* IRKeys.m in Sources */,
				C73E37E7174DF20300872C04 /* IRHelper.m in Sources */,
				C7C7A307176EFC6C00C9A62F /* IRNewPeripheralViewController.m in Sources */,
				C7C7A30E176F05C500C9A62F /* IRNewPeripheralScene1ViewController.m in Sources */,
				C77150EC17720271004F9FE3 /* IRNewPeripheralScene2ViewController.m in Sources */,
				C77150EF17728F9C004F9FE3 /* IRPeripheralNameEditViewController.m in Sources */,
				C77150F91772DF4A004F9FE3 /* IRNewSignalViewController.m in Sources */,
				C73CB4D717856B5C00B3F2C0 /* IRPeripheralWriteOperation.m in Sources */,
				C78F6FE9182B8E77002AAC7B /* IREditCell.m in Sources */,
				C73CB4DA17856CC200B3F2C0 /* IRPeripheralWriteOperationQueue.m in Sources */,
				C7F7D757178CF4AF00C3CF0F /* IRWebViewController.m in Sources */,
				C703E82A183E0DD900B8446C /* CRC8.c in Sources */,
				C7B741C01803FB7A005802A7 /* IRMorsePlayerOperation.m in Sources */,
				C7AB418C179530D300E934C3 /* IRNewSignalScene1ViewController.m in Sources */,
				C7A66E9017A7BB3B00EDE589 /* IRSignalSendOperationQueue.m in Sources */,
				C7603E8417A8BC6F00A7AF1E /* IRViewCustomizer.m in Sources */,
				C7603E8B17A9FAE100A7AF1E /* IRSignalNameEditViewController.m in Sources */,
				C7FFC7C8184CCE790007B178 /* IRHTTPJSONOperation.m in Sources */,
				C7B5495C17ABD5DA005D91D1 /* IRSignalSendOperation.m in Sources */,
			);
			runOnlyForDeploymentPostprocessing = 0;
		};
		C79DE3B5176F25260088679E /* Sources */ = {
			isa = PBXSourcesBuildPhase;
			buildActionMask = 2147483647;
			files = (
			);
			runOnlyForDeploymentPostprocessing = 0;
		};
/* End PBXSourcesBuildPhase section */

/* Begin PBXTargetDependency section */
		C71D90AC17978B0800CEC73F /* PBXTargetDependency */ = {
			isa = PBXTargetDependency;
			target = C752D6FD17462C7B008B644A /* IRKit */;
			targetProxy = C71D90AB17978B0800CEC73F /* PBXContainerItemProxy */;
		};
		C735043917A038FB0057D51B /* PBXTargetDependency */ = {
			isa = PBXTargetDependency;
			target = C79DE3B8176F25260088679E /* IRKitResources */;
			targetProxy = C735043817A038FB0057D51B /* PBXContainerItemProxy */;
		};
		C79DE3C9176F271A0088679E /* PBXTargetDependency */ = {
			isa = PBXTargetDependency;
			target = C79DE3B8176F25260088679E /* IRKitResources */;
			targetProxy = C79DE3C8176F271A0088679E /* PBXContainerItemProxy */;
		};
/* End PBXTargetDependency section */

/* Begin PBXVariantGroup section */
		C71D909D17977D2200CEC73F /* InfoPlist.strings */ = {
			isa = PBXVariantGroup;
			children = (
				C71D909E17977D2200CEC73F /* en */,
				C7E4E342185210C900EC864E /* ja */,
			);
			name = InfoPlist.strings;
			sourceTree = "<group>";
		};
		C721651B18521C80000BD43D /* Localizable.strings */ = {
			isa = PBXVariantGroup;
			children = (
				C721651C18521C80000BD43D /* ja */,
			);
			name = Localizable.strings;
			sourceTree = "<group>";
		};
		C735041417A029C40057D51B /* InfoPlist.strings */ = {
			isa = PBXVariantGroup;
			children = (
				C735041517A029C40057D51B /* en */,
				C7E4E343185210C900EC864E /* ja */,
			);
			name = InfoPlist.strings;
			sourceTree = "<group>";
		};
		C735042317A029C40057D51B /* MainStoryboard.storyboard */ = {
			isa = PBXVariantGroup;
			children = (
				C7E4E339185210BC00EC864E /* Base */,
				C7E4E341185210C900EC864E /* ja */,
			);
			name = MainStoryboard.storyboard;
			sourceTree = "<group>";
		};
		C7E4E31F18520C6B00EC864E /* IRNewPeripheralScene1ViewController.xib */ = {
			isa = PBXVariantGroup;
			children = (
				C7E4E332185210BC00EC864E /* Base */,
				C7E4E33A185210C900EC864E /* ja */,
			);
			name = IRNewPeripheralScene1ViewController.xib;
			sourceTree = "<group>";
		};
		C7E4E32218520C9100EC864E /* IRMorsePlayerViewController.xib */ = {
			isa = PBXVariantGroup;
			children = (
				C7E4E335185210BC00EC864E /* Base */,
				C7E4E33D185210C900EC864E /* ja */,
			);
			name = IRMorsePlayerViewController.xib;
			sourceTree = "<group>";
		};
		C7E4E32518520C9900EC864E /* IRNewPeripheralScene2ViewController.xib */ = {
			isa = PBXVariantGroup;
			children = (
				C7E4E334185210BC00EC864E /* Base */,
				C7E4E33C185210C900EC864E /* ja */,
			);
			name = IRNewPeripheralScene2ViewController.xib;
			sourceTree = "<group>";
		};
		C7E4E32818520C9D00EC864E /* IRNewSignalScene1ViewController.xib */ = {
			isa = PBXVariantGroup;
			children = (
				C7E4E337185210BC00EC864E /* Base */,
				C7E4E33F185210C900EC864E /* ja */,
			);
			name = IRNewSignalScene1ViewController.xib;
			sourceTree = "<group>";
		};
		C7E4E32B18520CA300EC864E /* IRPeripheralNameEditViewController.xib */ = {
			isa = PBXVariantGroup;
			children = (
				C7E4E336185210BC00EC864E /* Base */,
				C7E4E33E185210C900EC864E /* ja */,
			);
			name = IRPeripheralNameEditViewController.xib;
			sourceTree = "<group>";
		};
		C7E4E32E18520CA700EC864E /* IRSignalNameEditViewController.xib */ = {
			isa = PBXVariantGroup;
			children = (
				C7E4E338185210BC00EC864E /* Base */,
				C7E4E340185210C900EC864E /* ja */,
			);
			name = IRSignalNameEditViewController.xib;
			sourceTree = "<group>";
		};
		C7E4E33118520CAB00EC864E /* IRWifiEditViewController.xib */ = {
			isa = PBXVariantGroup;
			children = (
				C7E4E333185210BC00EC864E /* Base */,
				C7E4E33B185210C900EC864E /* ja */,
			);
			name = IRWifiEditViewController.xib;
			sourceTree = "<group>";
		};
/* End PBXVariantGroup section */

/* Begin XCBuildConfiguration section */
		C71D90A217977D2200CEC73F /* Debug */ = {
			isa = XCBuildConfiguration;
			buildSettings = {
				FRAMEWORK_SEARCH_PATHS = (
					"\"$(SDKROOT)/Developer/Library/Frameworks\"",
					"\"$(DEVELOPER_LIBRARY_DIR)/Frameworks\"",
				);
				GCC_PRECOMPILE_PREFIX_HEADER = YES;
				GCC_PREFIX_HEADER = "IRKit/IRKit-Prefix.pch";
				INFOPLIST_FILE = "IRKitTests/IRKitTests-Info.plist";
				PRODUCT_NAME = "$(TARGET_NAME)";
				TEST_HOST = "$(BUNDLE_LOADER)";
				WRAPPER_EXTENSION = octest;
			};
			name = Debug;
		};
		C71D90A317977D2200CEC73F /* Release */ = {
			isa = XCBuildConfiguration;
			buildSettings = {
				FRAMEWORK_SEARCH_PATHS = (
					"\"$(SDKROOT)/Developer/Library/Frameworks\"",
					"\"$(DEVELOPER_LIBRARY_DIR)/Frameworks\"",
				);
				GCC_PRECOMPILE_PREFIX_HEADER = YES;
				GCC_PREFIX_HEADER = "IRKitTests/IRKitTests-Prefix.pch";
				INFOPLIST_FILE = "IRKitTests/IRKitTests-Info.plist";
				PRODUCT_NAME = "$(TARGET_NAME)";
				TEST_HOST = "$(BUNDLE_LOADER)";
				WRAPPER_EXTENSION = octest;
			};
			name = Release;
		};
		C735042A17A029C40057D51B /* Debug */ = {
			isa = XCBuildConfiguration;
			buildSettings = {
				"CODE_SIGN_IDENTITY[sdk=iphoneos*]" = "iPhone Developer";
				GCC_PRECOMPILE_PREFIX_HEADER = YES;
				GCC_PREFIX_HEADER = "IRKitViewSamples/IRKitViewSamples-Prefix.pch";
				INFOPLIST_FILE = "IRKitViewSamples/IRKitViewSamples-Info.plist";
				ONLY_ACTIVE_ARCH = YES;
				PRODUCT_NAME = "$(TARGET_NAME)";
				WRAPPER_EXTENSION = app;
			};
			name = Debug;
		};
		C735042B17A029C40057D51B /* Release */ = {
			isa = XCBuildConfiguration;
			buildSettings = {
				"CODE_SIGN_IDENTITY[sdk=iphoneos*]" = "iPhone Developer";
				GCC_PRECOMPILE_PREFIX_HEADER = YES;
				GCC_PREFIX_HEADER = "IRKitViewSamples/IRKitViewSamples-Prefix.pch";
				INFOPLIST_FILE = "IRKitViewSamples/IRKitViewSamples-Info.plist";
				OTHER_CFLAGS = "-DNS_BLOCK_ASSERTIONS=1";
				PRODUCT_NAME = "$(TARGET_NAME)";
				WRAPPER_EXTENSION = app;
			};
			name = Release;
		};
		C752D72117462C7B008B644A /* Debug */ = {
			isa = XCBuildConfiguration;
			buildSettings = {
				ALWAYS_SEARCH_USER_PATHS = NO;
				CLANG_CXX_LANGUAGE_STANDARD = "gnu++0x";
				CLANG_CXX_LIBRARY = "compiler-default";
				CLANG_ENABLE_MODULES = YES;
				CLANG_ENABLE_OBJC_ARC = YES;
				CLANG_WARN_CONSTANT_CONVERSION = YES;
				CLANG_WARN_DEPRECATED_OBJC_IMPLEMENTATIONS = YES;
				CLANG_WARN_EMPTY_BODY = YES;
				CLANG_WARN_ENUM_CONVERSION = YES;
				CLANG_WARN_INT_CONVERSION = YES;
				CLANG_WARN_OBJC_MISSING_PROPERTY_SYNTHESIS = NO;
				CLANG_WARN__DUPLICATE_METHOD_MATCH = YES;
				COPY_PHASE_STRIP = NO;
				GCC_C_LANGUAGE_STANDARD = gnu99;
				GCC_DYNAMIC_NO_PIC = NO;
				GCC_OPTIMIZATION_LEVEL = 0;
				GCC_PREPROCESSOR_DEFINITIONS = (
					"DEBUG=1",
					"$(inherited)",
					"IRKIT_DEBUG=1",
				);
				GCC_SYMBOLS_PRIVATE_EXTERN = NO;
				GCC_TREAT_INCOMPATIBLE_POINTER_TYPE_WARNINGS_AS_ERRORS = YES;
				GCC_WARN_ABOUT_MISSING_PROTOTYPES = YES;
				GCC_WARN_ABOUT_RETURN_TYPE = YES;
				GCC_WARN_INHIBIT_ALL_WARNINGS = YES;
				GCC_WARN_MULTIPLE_DEFINITION_TYPES_FOR_SELECTOR = YES;
				GCC_WARN_PEDANTIC = YES;
				GCC_WARN_STRICT_SELECTOR_MATCH = YES;
				GCC_WARN_UNDECLARED_SELECTOR = YES;
				GCC_WARN_UNINITIALIZED_AUTOS = YES;
				GCC_WARN_UNUSED_FUNCTION = YES;
				GCC_WARN_UNUSED_LABEL = YES;
				GCC_WARN_UNUSED_PARAMETER = YES;
				GCC_WARN_UNUSED_VARIABLE = YES;
				IPHONEOS_DEPLOYMENT_TARGET = 7.0;
				ONLY_ACTIVE_ARCH = NO;
				SDKROOT = iphoneos;
				STRINGS_FILE_OUTPUT_ENCODING = "UTF-16";
				VALID_ARCHS = "arm64 armv7 armv7s i386 x86_64";
				WARNING_CFLAGS = "-Wall";
			};
			name = Debug;
		};
		C752D72217462C7B008B644A /* Release */ = {
			isa = XCBuildConfiguration;
			buildSettings = {
				ALWAYS_SEARCH_USER_PATHS = NO;
				CLANG_CXX_LANGUAGE_STANDARD = "gnu++0x";
				CLANG_CXX_LIBRARY = "compiler-default";
				CLANG_ENABLE_MODULES = YES;
				CLANG_ENABLE_OBJC_ARC = YES;
				CLANG_WARN_CONSTANT_CONVERSION = YES;
				CLANG_WARN_DEPRECATED_OBJC_IMPLEMENTATIONS = YES;
				CLANG_WARN_EMPTY_BODY = YES;
				CLANG_WARN_ENUM_CONVERSION = YES;
				CLANG_WARN_INT_CONVERSION = YES;
				CLANG_WARN_OBJC_MISSING_PROPERTY_SYNTHESIS = NO;
				CLANG_WARN__DUPLICATE_METHOD_MATCH = YES;
				COPY_PHASE_STRIP = YES;
				GCC_C_LANGUAGE_STANDARD = gnu99;
				GCC_TREAT_INCOMPATIBLE_POINTER_TYPE_WARNINGS_AS_ERRORS = YES;
				GCC_WARN_ABOUT_MISSING_PROTOTYPES = YES;
				GCC_WARN_ABOUT_RETURN_TYPE = YES;
				GCC_WARN_INHIBIT_ALL_WARNINGS = YES;
				GCC_WARN_MULTIPLE_DEFINITION_TYPES_FOR_SELECTOR = YES;
				GCC_WARN_PEDANTIC = YES;
				GCC_WARN_STRICT_SELECTOR_MATCH = YES;
				GCC_WARN_UNDECLARED_SELECTOR = YES;
				GCC_WARN_UNINITIALIZED_AUTOS = YES;
				GCC_WARN_UNUSED_FUNCTION = YES;
				GCC_WARN_UNUSED_LABEL = YES;
				GCC_WARN_UNUSED_PARAMETER = YES;
				GCC_WARN_UNUSED_VARIABLE = YES;
				IPHONEOS_DEPLOYMENT_TARGET = 7.0;
				SDKROOT = iphoneos;
				STRINGS_FILE_OUTPUT_ENCODING = "UTF-16";
				VALIDATE_PRODUCT = YES;
				VALID_ARCHS = "arm64 armv7 armv7s i386 x86_64";
				WARNING_CFLAGS = "-Wall";
			};
			name = Release;
		};
		C752D72417462C7B008B644A /* Debug */ = {
			isa = XCBuildConfiguration;
			baseConfigurationReference = 6A92507FB75A49B8B9640873 /* Pods.xcconfig */;
			buildSettings = {
				ARCHS = "$(ARCHS_STANDARD_INCLUDING_64_BIT)";
				DSTROOT = /tmp/IRKit.dst;
				GCC_PRECOMPILE_PREFIX_HEADER = YES;
				GCC_PREFIX_HEADER = "IRKit/IRKit-Prefix.pch";
				OTHER_LDFLAGS = "$(inherited)";
				PRODUCT_NAME = "$(TARGET_NAME)";
				SKIP_INSTALL = YES;
			};
			name = Debug;
		};
		C752D72517462C7B008B644A /* Release */ = {
			isa = XCBuildConfiguration;
			baseConfigurationReference = 6A92507FB75A49B8B9640873 /* Pods.xcconfig */;
			buildSettings = {
				ARCHS = "$(ARCHS_STANDARD_INCLUDING_64_BIT)";
				DSTROOT = /tmp/IRKit.dst;
				GCC_PRECOMPILE_PREFIX_HEADER = YES;
				GCC_PREFIX_HEADER = "IRKit/IRKit-Prefix.pch";
				OTHER_LDFLAGS = "$(inherited)";
				PRODUCT_NAME = "$(TARGET_NAME)";
				SKIP_INSTALL = YES;
			};
			name = Release;
		};
		C79DE3C3176F25260088679E /* Debug */ = {
			isa = XCBuildConfiguration;
			buildSettings = {
				COMBINE_HIDPI_IMAGES = NO;
				GCC_ENABLE_OBJC_EXCEPTIONS = YES;
				GCC_PRECOMPILE_PREFIX_HEADER = YES;
				GCC_WARN_64_TO_32_BIT_CONVERSION = YES;
				INFOPLIST_FILE = "IRKitResources/IRKitResources-Info.plist";
				PRODUCT_NAME = "$(TARGET_NAME)";
				WRAPPER_EXTENSION = bundle;
			};
			name = Debug;
		};
		C79DE3C4176F25260088679E /* Release */ = {
			isa = XCBuildConfiguration;
			buildSettings = {
				COMBINE_HIDPI_IMAGES = NO;
				DEBUG_INFORMATION_FORMAT = "dwarf-with-dsym";
				GCC_ENABLE_OBJC_EXCEPTIONS = YES;
				GCC_PRECOMPILE_PREFIX_HEADER = YES;
				GCC_WARN_64_TO_32_BIT_CONVERSION = YES;
				INFOPLIST_FILE = "IRKitResources/IRKitResources-Info.plist";
				PRODUCT_NAME = "$(TARGET_NAME)";
				WRAPPER_EXTENSION = bundle;
			};
			name = Release;
		};
/* End XCBuildConfiguration section */

/* Begin XCConfigurationList section */
		C71D90A117977D2200CEC73F /* Build configuration list for PBXNativeTarget "IRKitTests" */ = {
			isa = XCConfigurationList;
			buildConfigurations = (
				C71D90A217977D2200CEC73F /* Debug */,
				C71D90A317977D2200CEC73F /* Release */,
			);
			defaultConfigurationIsVisible = 0;
			defaultConfigurationName = Release;
		};
		C735042917A029C40057D51B /* Build configuration list for PBXNativeTarget "IRKitViewSamples" */ = {
			isa = XCConfigurationList;
			buildConfigurations = (
				C735042A17A029C40057D51B /* Debug */,
				C735042B17A029C40057D51B /* Release */,
			);
			defaultConfigurationIsVisible = 0;
			defaultConfigurationName = Release;
		};
		C752D6F917462C7B008B644A /* Build configuration list for PBXProject "IRKit" */ = {
			isa = XCConfigurationList;
			buildConfigurations = (
				C752D72117462C7B008B644A /* Debug */,
				C752D72217462C7B008B644A /* Release */,
			);
			defaultConfigurationIsVisible = 0;
			defaultConfigurationName = Release;
		};
		C752D72317462C7B008B644A /* Build configuration list for PBXNativeTarget "IRKit" */ = {
			isa = XCConfigurationList;
			buildConfigurations = (
				C752D72417462C7B008B644A /* Debug */,
				C752D72517462C7B008B644A /* Release */,
			);
			defaultConfigurationIsVisible = 0;
			defaultConfigurationName = Release;
		};
		C79DE3C2176F25260088679E /* Build configuration list for PBXNativeTarget "IRKitResources" */ = {
			isa = XCConfigurationList;
			buildConfigurations = (
				C79DE3C3176F25260088679E /* Debug */,
				C79DE3C4176F25260088679E /* Release */,
			);
			defaultConfigurationIsVisible = 0;
			defaultConfigurationName = Release;
		};
/* End XCConfigurationList section */
	};
	rootObject = C752D6F617462C7B008B644A /* Project object */;
}
