<?xml version="1.0" encoding="UTF-8"?>
<!DOCTYPE plist PUBLIC "-//Apple//DTD PLIST 1.0//EN" "http://www.apple.com/DTDs/PropertyList-1.0.dtd">
<plist version="1.0">
<dict>
	<key>archiveVersion</key>
	<string>1</string>
	<key>classes</key>
	<dict/>
	<key>objectVersion</key>
	<string>46</string>
	<key>objects</key>
	<dict>
		<key>185857DF7F994520AB0E59D6</key>
		<dict>
			<key>explicitFileType</key>
			<string>archive.ar</string>
			<key>includeInIndex</key>
			<string>0</string>
			<key>isa</key>
			<string>PBXFileReference</string>
			<key>name</key>
			<string>libPods.a</string>
			<key>path</key>
			<string>libPods.a</string>
			<key>sourceTree</key>
			<string>BUILT_PRODUCTS_DIR</string>
		</dict>
		<key>1A50F5D27431475487F359E4</key>
		<dict>
			<key>buildActionMask</key>
			<string>2147483647</string>
			<key>files</key>
			<array/>
			<key>inputPaths</key>
			<array/>
			<key>isa</key>
			<string>PBXShellScriptBuildPhase</string>
			<key>name</key>
			<string>Copy Pods Resources</string>
			<key>outputPaths</key>
			<array/>
			<key>runOnlyForDeploymentPostprocessing</key>
			<string>0</string>
			<key>shellPath</key>
			<string>/bin/sh</string>
			<key>shellScript</key>
			<string>"${SRCROOT}/../Pods/Pods-resources.sh"
</string>
			<key>showEnvVarsInLog</key>
			<string>1</string>
		</dict>
		<key>7155BBBEDD9A4019A91ACFAD</key>
		<dict>
			<key>fileRef</key>
			<string>185857DF7F994520AB0E59D6</string>
			<key>isa</key>
			<string>PBXBuildFile</string>
			<key>settings</key>
			<dict/>
		</dict>
		<key>C76CFF4817462E0800F972B7</key>
		<dict>
			<key>children</key>
			<array>
				<string>C79DE3CA176F27870088679E</string>
				<string>C76CFF5A17462E0800F972B7</string>
				<string>C76CFF8117462E0800F972B7</string>
				<string>C76CFF5317462E0800F972B7</string>
				<string>C76CFF5217462E0800F972B7</string>
				<string>F43C45BF1E2043DB92F41E70</string>
			</array>
			<key>isa</key>
			<string>PBXGroup</string>
			<key>sourceTree</key>
			<string>&lt;group&gt;</string>
		</dict>
		<key>C76CFF4917462E0800F972B7</key>
		<dict>
			<key>attributes</key>
			<dict>
				<key>CLASSPREFIX</key>
				<string>SR</string>
				<key>LastUpgradeCheck</key>
				<string>0460</string>
				<key>ORGANIZATIONNAME</key>
				<string>KAYAC Inc.</string>
			</dict>
			<key>buildConfigurationList</key>
			<string>C76CFF4C17462E0800F972B7</string>
			<key>compatibilityVersion</key>
			<string>Xcode 3.2</string>
			<key>developmentRegion</key>
			<string>English</string>
			<key>hasScannedForEncodings</key>
			<string>0</string>
			<key>isa</key>
			<string>PBXProject</string>
			<key>knownRegions</key>
			<array>
				<string>en</string>
			</array>
			<key>mainGroup</key>
			<string>C76CFF4817462E0800F972B7</string>
			<key>productRefGroup</key>
			<string>C76CFF5217462E0800F972B7</string>
			<key>projectDirPath</key>
			<string></string>
			<key>projectReferences</key>
			<array/>
			<key>projectRoot</key>
			<string></string>
			<key>targets</key>
			<array>
				<string>C76CFF5017462E0800F972B7</string>
				<string>C76CFF7917462E0800F972B7</string>
			</array>
		</dict>
		<key>C76CFF4C17462E0800F972B7</key>
		<dict>
			<key>buildConfigurations</key>
			<array>
				<string>C76CFF8A17462E0800F972B7</string>
				<string>C76CFF8B17462E0800F972B7</string>
			</array>
			<key>defaultConfigurationIsVisible</key>
			<string>0</string>
			<key>defaultConfigurationName</key>
			<string>Release</string>
			<key>isa</key>
			<string>XCConfigurationList</string>
		</dict>
		<key>C76CFF4D17462E0800F972B7</key>
		<dict>
			<key>buildActionMask</key>
			<string>2147483647</string>
			<key>files</key>
			<array>
				<string>C76CFF6117462E0800F972B7</string>
				<string>C76CFF6517462E0800F972B7</string>
				<string>C76CFF7117462E0800F972B7</string>
				<string>C7FAB00F17464ABA00125BCB</string>
			</array>
			<key>isa</key>
			<string>PBXSourcesBuildPhase</string>
			<key>runOnlyForDeploymentPostprocessing</key>
			<string>0</string>
		</dict>
		<key>C76CFF4E17462E0800F972B7</key>
		<dict>
			<key>buildActionMask</key>
			<string>2147483647</string>
			<key>files</key>
			<array>
				<string>C7FAB02417467D6800125BCB</string>
				<string>C7FAB00717462FC100125BCB</string>
				<string>C76CFF5517462E0800F972B7</string>
				<string>C76CFF5717462E0800F972B7</string>
				<string>C76CFF5917462E0800F972B7</string>
				<string>7155BBBEDD9A4019A91ACFAD</string>
			</array>
			<key>isa</key>
			<string>PBXFrameworksBuildPhase</string>
			<key>runOnlyForDeploymentPostprocessing</key>
			<string>0</string>
		</dict>
		<key>C76CFF4F17462E0800F972B7</key>
		<dict>
			<key>buildActionMask</key>
			<string>2147483647</string>
			<key>files</key>
			<array>
				<string>C76CFF5F17462E0800F972B7</string>
				<string>C76CFF6717462E0800F972B7</string>
				<string>C76CFF6917462E0800F972B7</string>
				<string>C76CFF6B17462E0800F972B7</string>
				<string>C76CFF6E17462E0800F972B7</string>
				<string>C79DE3CB176F27870088679E</string>
				<string>C7C0DB801781D2DA00AECAC2</string>
				<string>C7C0DB811781D2DA00AECAC2</string>
				<string>C7C0DB8417825B9F00AECAC2</string>
				<string>C7C0DB8517825B9F00AECAC2</string>
			</array>
			<key>isa</key>
			<string>PBXResourcesBuildPhase</string>
			<key>runOnlyForDeploymentPostprocessing</key>
			<string>0</string>
		</dict>
		<key>C76CFF5017462E0800F972B7</key>
		<dict>
			<key>buildConfigurationList</key>
			<string>C76CFF8C17462E0800F972B7</string>
			<key>buildPhases</key>
			<array>
				<string>F7E382FE4DAE4B449260F45C</string>
				<string>C76CFF4D17462E0800F972B7</string>
				<string>C76CFF4E17462E0800F972B7</string>
				<string>C76CFF4F17462E0800F972B7</string>
				<string>1A50F5D27431475487F359E4</string>
			</array>
			<key>buildRules</key>
			<array/>
			<key>dependencies</key>
			<array/>
			<key>isa</key>
			<string>PBXNativeTarget</string>
			<key>name</key>
			<string>SimpleRemote</string>
			<key>productName</key>
			<string>SimpleRemote</string>
			<key>productReference</key>
			<string>C76CFF5117462E0800F972B7</string>
			<key>productType</key>
			<string>com.apple.product-type.application</string>
		</dict>
		<key>C76CFF5117462E0800F972B7</key>
		<dict>
			<key>explicitFileType</key>
			<string>wrapper.application</string>
			<key>includeInIndex</key>
			<string>0</string>
			<key>isa</key>
			<string>PBXFileReference</string>
			<key>path</key>
			<string>SimpleRemote.app</string>
			<key>sourceTree</key>
			<string>BUILT_PRODUCTS_DIR</string>
		</dict>
		<key>C76CFF5217462E0800F972B7</key>
		<dict>
			<key>children</key>
			<array>
				<string>C76CFF5117462E0800F972B7</string>
				<string>C76CFF7A17462E0800F972B7</string>
			</array>
			<key>isa</key>
			<string>PBXGroup</string>
			<key>name</key>
			<string>Products</string>
			<key>sourceTree</key>
			<string>&lt;group&gt;</string>
		</dict>
		<key>C76CFF5317462E0800F972B7</key>
		<dict>
			<key>children</key>
			<array>
				<string>C7FAB02317467D6800125BCB</string>
				<string>C7FAB00617462FC100125BCB</string>
				<string>C76CFF5417462E0800F972B7</string>
				<string>C76CFF5617462E0800F972B7</string>
				<string>C76CFF5817462E0800F972B7</string>
				<string>C76CFF7B17462E0800F972B7</string>
				<string>185857DF7F994520AB0E59D6</string>
			</array>
			<key>isa</key>
			<string>PBXGroup</string>
			<key>name</key>
			<string>Frameworks</string>
			<key>sourceTree</key>
			<string>&lt;group&gt;</string>
		</dict>
		<key>C76CFF5417462E0800F972B7</key>
		<dict>
			<key>isa</key>
			<string>PBXFileReference</string>
			<key>lastKnownFileType</key>
			<string>wrapper.framework</string>
			<key>name</key>
			<string>UIKit.framework</string>
			<key>path</key>
			<string>System/Library/Frameworks/UIKit.framework</string>
			<key>sourceTree</key>
			<string>SDKROOT</string>
		</dict>
		<key>C76CFF5517462E0800F972B7</key>
		<dict>
			<key>fileRef</key>
			<string>C76CFF5417462E0800F972B7</string>
			<key>isa</key>
			<string>PBXBuildFile</string>
		</dict>
		<key>C76CFF5617462E0800F972B7</key>
		<dict>
			<key>isa</key>
			<string>PBXFileReference</string>
			<key>lastKnownFileType</key>
			<string>wrapper.framework</string>
			<key>name</key>
			<string>Foundation.framework</string>
			<key>path</key>
			<string>System/Library/Frameworks/Foundation.framework</string>
			<key>sourceTree</key>
			<string>SDKROOT</string>
		</dict>
		<key>C76CFF5717462E0800F972B7</key>
		<dict>
			<key>fileRef</key>
			<string>C76CFF5617462E0800F972B7</string>
			<key>isa</key>
			<string>PBXBuildFile</string>
		</dict>
		<key>C76CFF5817462E0800F972B7</key>
		<dict>
			<key>isa</key>
			<string>PBXFileReference</string>
			<key>lastKnownFileType</key>
			<string>wrapper.framework</string>
			<key>name</key>
			<string>CoreGraphics.framework</string>
			<key>path</key>
			<string>System/Library/Frameworks/CoreGraphics.framework</string>
			<key>sourceTree</key>
			<string>SDKROOT</string>
		</dict>
		<key>C76CFF5917462E0800F972B7</key>
		<dict>
			<key>fileRef</key>
			<string>C76CFF5817462E0800F972B7</string>
			<key>isa</key>
			<string>PBXBuildFile</string>
		</dict>
		<key>C76CFF5A17462E0800F972B7</key>
		<dict>
			<key>children</key>
			<array>
				<string>C76CFF6317462E0800F972B7</string>
				<string>C76CFF6417462E0800F972B7</string>
				<string>C76CFF6C17462E0800F972B7</string>
				<string>C76CFF6F17462E0800F972B7</string>
				<string>C76CFF7017462E0800F972B7</string>
				<string>C76CFF5B17462E0800F972B7</string>
			</array>
			<key>isa</key>
			<string>PBXGroup</string>
			<key>path</key>
			<string>SimpleRemote</string>
			<key>sourceTree</key>
			<string>&lt;group&gt;</string>
		</dict>
		<key>C76CFF5B17462E0800F972B7</key>
		<dict>
			<key>children</key>
			<array>
				<string>C7FAB00E17464AB900125BCB</string>
				<string>C7FAB00B1746481700125BCB</string>
				<string>C76CFF5C17462E0800F972B7</string>
				<string>C76CFF5D17462E0800F972B7</string>
				<string>C76CFF6017462E0800F972B7</string>
				<string>C76CFF6217462E0800F972B7</string>
				<string>C7C0DB8317825B9F00AECAC2</string>
				<string>C7C0DB8217825B9F00AECAC2</string>
				<string>C7C0DB7F1781D2DA00AECAC2</string>
				<string>C7C0DB7E1781D2DA00AECAC2</string>
				<string>C76CFF6617462E0800F972B7</string>
				<string>C76CFF6817462E0800F972B7</string>
				<string>C76CFF6A17462E0800F972B7</string>
			</array>
			<key>isa</key>
			<string>PBXGroup</string>
			<key>name</key>
			<string>Supporting Files</string>
			<key>sourceTree</key>
			<string>&lt;group&gt;</string>
		</dict>
		<key>C76CFF5C17462E0800F972B7</key>
		<dict>
			<key>isa</key>
			<string>PBXFileReference</string>
			<key>lastKnownFileType</key>
			<string>text.plist.xml</string>
			<key>path</key>
			<string>SimpleRemote-Info.plist</string>
			<key>sourceTree</key>
			<string>&lt;group&gt;</string>
		</dict>
		<key>C76CFF5D17462E0800F972B7</key>
		<dict>
			<key>children</key>
			<array>
				<string>C76CFF5E17462E0800F972B7</string>
			</array>
			<key>isa</key>
			<string>PBXVariantGroup</string>
			<key>name</key>
			<string>InfoPlist.strings</string>
			<key>sourceTree</key>
			<string>&lt;group&gt;</string>
		</dict>
		<key>C76CFF5E17462E0800F972B7</key>
		<dict>
			<key>isa</key>
			<string>PBXFileReference</string>
			<key>lastKnownFileType</key>
			<string>text.plist.strings</string>
			<key>name</key>
			<string>en</string>
			<key>path</key>
			<string>en.lproj/InfoPlist.strings</string>
			<key>sourceTree</key>
			<string>&lt;group&gt;</string>
		</dict>
		<key>C76CFF5F17462E0800F972B7</key>
		<dict>
			<key>fileRef</key>
			<string>C76CFF5D17462E0800F972B7</string>
			<key>isa</key>
			<string>PBXBuildFile</string>
		</dict>
		<key>C76CFF6017462E0800F972B7</key>
		<dict>
			<key>isa</key>
			<string>PBXFileReference</string>
			<key>lastKnownFileType</key>
			<string>sourcecode.c.objc</string>
			<key>path</key>
			<string>main.m</string>
			<key>sourceTree</key>
			<string>&lt;group&gt;</string>
		</dict>
		<key>C76CFF6117462E0800F972B7</key>
		<dict>
			<key>fileRef</key>
			<string>C76CFF6017462E0800F972B7</string>
			<key>isa</key>
			<string>PBXBuildFile</string>
		</dict>
		<key>C76CFF6217462E0800F972B7</key>
		<dict>
			<key>isa</key>
			<string>PBXFileReference</string>
			<key>lastKnownFileType</key>
			<string>sourcecode.c.h</string>
			<key>path</key>
			<string>SimpleRemote-Prefix.pch</string>
			<key>sourceTree</key>
			<string>&lt;group&gt;</string>
		</dict>
		<key>C76CFF6317462E0800F972B7</key>
		<dict>
			<key>isa</key>
			<string>PBXFileReference</string>
			<key>lastKnownFileType</key>
			<string>sourcecode.c.h</string>
			<key>path</key>
			<string>SRAppDelegate.h</string>
			<key>sourceTree</key>
			<string>&lt;group&gt;</string>
		</dict>
		<key>C76CFF6417462E0800F972B7</key>
		<dict>
			<key>isa</key>
			<string>PBXFileReference</string>
			<key>lastKnownFileType</key>
			<string>sourcecode.c.objc</string>
			<key>path</key>
			<string>SRAppDelegate.m</string>
			<key>sourceTree</key>
			<string>&lt;group&gt;</string>
		</dict>
		<key>C76CFF6517462E0800F972B7</key>
		<dict>
			<key>fileRef</key>
			<string>C76CFF6417462E0800F972B7</string>
			<key>isa</key>
			<string>PBXBuildFile</string>
		</dict>
		<key>C76CFF6617462E0800F972B7</key>
		<dict>
			<key>isa</key>
			<string>PBXFileReference</string>
			<key>lastKnownFileType</key>
			<string>image.png</string>
			<key>path</key>
			<string>Default.png</string>
			<key>sourceTree</key>
			<string>&lt;group&gt;</string>
		</dict>
		<key>C76CFF6717462E0800F972B7</key>
		<dict>
			<key>fileRef</key>
			<string>C76CFF6617462E0800F972B7</string>
			<key>isa</key>
			<string>PBXBuildFile</string>
		</dict>
		<key>C76CFF6817462E0800F972B7</key>
		<dict>
			<key>isa</key>
			<string>PBXFileReference</string>
			<key>lastKnownFileType</key>
			<string>image.png</string>
			<key>path</key>
			<string>Default@2x.png</string>
			<key>sourceTree</key>
			<string>&lt;group&gt;</string>
		</dict>
		<key>C76CFF6917462E0800F972B7</key>
		<dict>
			<key>fileRef</key>
			<string>C76CFF6817462E0800F972B7</string>
			<key>isa</key>
			<string>PBXBuildFile</string>
		</dict>
		<key>C76CFF6A17462E0800F972B7</key>
		<dict>
			<key>isa</key>
			<string>PBXFileReference</string>
			<key>lastKnownFileType</key>
			<string>image.png</string>
			<key>path</key>
			<string>Default-568h@2x.png</string>
			<key>sourceTree</key>
			<string>&lt;group&gt;</string>
		</dict>
		<key>C76CFF6B17462E0800F972B7</key>
		<dict>
			<key>fileRef</key>
			<string>C76CFF6A17462E0800F972B7</string>
			<key>isa</key>
			<string>PBXBuildFile</string>
		</dict>
		<key>C76CFF6C17462E0800F972B7</key>
		<dict>
			<key>children</key>
			<array>
				<string>C76CFF6D17462E0800F972B7</string>
			</array>
			<key>isa</key>
			<string>PBXVariantGroup</string>
			<key>name</key>
			<string>MainStoryboard.storyboard</string>
			<key>sourceTree</key>
			<string>&lt;group&gt;</string>
		</dict>
		<key>C76CFF6D17462E0800F972B7</key>
		<dict>
			<key>isa</key>
			<string>PBXFileReference</string>
			<key>lastKnownFileType</key>
			<string>file.storyboard</string>
			<key>name</key>
			<string>en</string>
			<key>path</key>
			<string>en.lproj/MainStoryboard.storyboard</string>
			<key>sourceTree</key>
			<string>&lt;group&gt;</string>
		</dict>
		<key>C76CFF6E17462E0800F972B7</key>
		<dict>
			<key>fileRef</key>
			<string>C76CFF6C17462E0800F972B7</string>
			<key>isa</key>
			<string>PBXBuildFile</string>
		</dict>
		<key>C76CFF6F17462E0800F972B7</key>
		<dict>
			<key>isa</key>
			<string>PBXFileReference</string>
			<key>lastKnownFileType</key>
			<string>sourcecode.c.h</string>
			<key>path</key>
			<string>SRMainViewController.h</string>
			<key>sourceTree</key>
			<string>&lt;group&gt;</string>
		</dict>
		<key>C76CFF7017462E0800F972B7</key>
		<dict>
			<key>isa</key>
			<string>PBXFileReference</string>
			<key>lastKnownFileType</key>
			<string>sourcecode.c.objc</string>
			<key>path</key>
			<string>SRMainViewController.m</string>
			<key>sourceTree</key>
			<string>&lt;group&gt;</string>
		</dict>
		<key>C76CFF7117462E0800F972B7</key>
		<dict>
			<key>fileRef</key>
			<string>C76CFF7017462E0800F972B7</string>
			<key>isa</key>
			<string>PBXBuildFile</string>
		</dict>
		<key>C76CFF7517462E0800F972B7</key>
		<dict>
			<key>buildActionMask</key>
			<string>2147483647</string>
			<key>files</key>
			<array>
				<string>C76CFF8917462E0800F972B7</string>
			</array>
			<key>isa</key>
			<string>PBXSourcesBuildPhase</string>
			<key>runOnlyForDeploymentPostprocessing</key>
			<string>0</string>
		</dict>
		<key>C76CFF7617462E0800F972B7</key>
		<dict>
			<key>buildActionMask</key>
			<string>2147483647</string>
			<key>files</key>
			<array>
				<string>C76CFF7C17462E0800F972B7</string>
				<string>C76CFF7D17462E0800F972B7</string>
				<string>C76CFF7E17462E0800F972B7</string>
			</array>
			<key>isa</key>
			<string>PBXFrameworksBuildPhase</string>
			<key>runOnlyForDeploymentPostprocessing</key>
			<string>0</string>
		</dict>
		<key>C76CFF7717462E0800F972B7</key>
		<dict>
			<key>buildActionMask</key>
			<string>2147483647</string>
			<key>files</key>
			<array>
				<string>C76CFF8617462E0800F972B7</string>
			</array>
			<key>isa</key>
			<string>PBXResourcesBuildPhase</string>
			<key>runOnlyForDeploymentPostprocessing</key>
			<string>0</string>
		</dict>
		<key>C76CFF7817462E0800F972B7</key>
		<dict>
			<key>buildActionMask</key>
			<string>2147483647</string>
			<key>files</key>
			<array/>
			<key>inputPaths</key>
			<array/>
			<key>isa</key>
			<string>PBXShellScriptBuildPhase</string>
			<key>outputPaths</key>
			<array/>
			<key>runOnlyForDeploymentPostprocessing</key>
			<string>0</string>
			<key>shellPath</key>
			<string>/bin/sh</string>
			<key>shellScript</key>
			<string># Run the unit tests in this test bundle.
"${SYSTEM_DEVELOPER_DIR}/Tools/RunUnitTests"
</string>
		</dict>
		<key>C76CFF7917462E0800F972B7</key>
		<dict>
			<key>buildConfigurationList</key>
			<string>C76CFF8F17462E0800F972B7</string>
			<key>buildPhases</key>
			<array>
				<string>C76CFF7517462E0800F972B7</string>
				<string>C76CFF7617462E0800F972B7</string>
				<string>C76CFF7717462E0800F972B7</string>
				<string>C76CFF7817462E0800F972B7</string>
			</array>
			<key>buildRules</key>
			<array/>
			<key>dependencies</key>
			<array>
				<string>C76CFF8017462E0800F972B7</string>
			</array>
			<key>isa</key>
			<string>PBXNativeTarget</string>
			<key>name</key>
			<string>SimpleRemoteTests</string>
			<key>productName</key>
			<string>SimpleRemoteTests</string>
			<key>productReference</key>
			<string>C76CFF7A17462E0800F972B7</string>
			<key>productType</key>
			<string>com.apple.product-type.bundle</string>
		</dict>
		<key>C76CFF7A17462E0800F972B7</key>
		<dict>
			<key>explicitFileType</key>
			<string>wrapper.cfbundle</string>
			<key>includeInIndex</key>
			<string>0</string>
			<key>isa</key>
			<string>PBXFileReference</string>
			<key>path</key>
			<string>SimpleRemoteTests.octest</string>
			<key>sourceTree</key>
			<string>BUILT_PRODUCTS_DIR</string>
		</dict>
		<key>C76CFF7B17462E0800F972B7</key>
		<dict>
			<key>isa</key>
			<string>PBXFileReference</string>
			<key>lastKnownFileType</key>
			<string>wrapper.framework</string>
			<key>name</key>
			<string>SenTestingKit.framework</string>
			<key>path</key>
			<string>Library/Frameworks/SenTestingKit.framework</string>
			<key>sourceTree</key>
			<string>DEVELOPER_DIR</string>
		</dict>
		<key>C76CFF7C17462E0800F972B7</key>
		<dict>
			<key>fileRef</key>
			<string>C76CFF7B17462E0800F972B7</string>
			<key>isa</key>
			<string>PBXBuildFile</string>
		</dict>
		<key>C76CFF7D17462E0800F972B7</key>
		<dict>
			<key>fileRef</key>
			<string>C76CFF5417462E0800F972B7</string>
			<key>isa</key>
			<string>PBXBuildFile</string>
		</dict>
		<key>C76CFF7E17462E0800F972B7</key>
		<dict>
			<key>fileRef</key>
			<string>C76CFF5617462E0800F972B7</string>
			<key>isa</key>
			<string>PBXBuildFile</string>
		</dict>
		<key>C76CFF7F17462E0800F972B7</key>
		<dict>
			<key>containerPortal</key>
			<string>C76CFF4917462E0800F972B7</string>
			<key>isa</key>
			<string>PBXContainerItemProxy</string>
			<key>proxyType</key>
			<string>1</string>
			<key>remoteGlobalIDString</key>
			<string>C76CFF5017462E0800F972B7</string>
			<key>remoteInfo</key>
			<string>SimpleRemote</string>
		</dict>
		<key>C76CFF8017462E0800F972B7</key>
		<dict>
			<key>isa</key>
			<string>PBXTargetDependency</string>
			<key>target</key>
			<string>C76CFF5017462E0800F972B7</string>
			<key>targetProxy</key>
			<string>C76CFF7F17462E0800F972B7</string>
		</dict>
		<key>C76CFF8117462E0800F972B7</key>
		<dict>
			<key>children</key>
			<array>
				<string>C76CFF8717462E0800F972B7</string>
				<string>C76CFF8817462E0800F972B7</string>
				<string>C76CFF8217462E0800F972B7</string>
			</array>
			<key>isa</key>
			<string>PBXGroup</string>
			<key>path</key>
			<string>SimpleRemoteTests</string>
			<key>sourceTree</key>
			<string>&lt;group&gt;</string>
		</dict>
		<key>C76CFF8217462E0800F972B7</key>
		<dict>
			<key>children</key>
			<array>
				<string>C76CFF8317462E0800F972B7</string>
				<string>C76CFF8417462E0800F972B7</string>
			</array>
			<key>isa</key>
			<string>PBXGroup</string>
			<key>name</key>
			<string>Supporting Files</string>
			<key>sourceTree</key>
			<string>&lt;group&gt;</string>
		</dict>
		<key>C76CFF8317462E0800F972B7</key>
		<dict>
			<key>isa</key>
			<string>PBXFileReference</string>
			<key>lastKnownFileType</key>
			<string>text.plist.xml</string>
			<key>path</key>
			<string>SimpleRemoteTests-Info.plist</string>
			<key>sourceTree</key>
			<string>&lt;group&gt;</string>
		</dict>
		<key>C76CFF8417462E0800F972B7</key>
		<dict>
			<key>children</key>
			<array>
				<string>C76CFF8517462E0800F972B7</string>
			</array>
			<key>isa</key>
			<string>PBXVariantGroup</string>
			<key>name</key>
			<string>InfoPlist.strings</string>
			<key>sourceTree</key>
			<string>&lt;group&gt;</string>
		</dict>
		<key>C76CFF8517462E0800F972B7</key>
		<dict>
			<key>isa</key>
			<string>PBXFileReference</string>
			<key>lastKnownFileType</key>
			<string>text.plist.strings</string>
			<key>name</key>
			<string>en</string>
			<key>path</key>
			<string>en.lproj/InfoPlist.strings</string>
			<key>sourceTree</key>
			<string>&lt;group&gt;</string>
		</dict>
		<key>C76CFF8617462E0800F972B7</key>
		<dict>
			<key>fileRef</key>
			<string>C76CFF8417462E0800F972B7</string>
			<key>isa</key>
			<string>PBXBuildFile</string>
		</dict>
		<key>C76CFF8717462E0800F972B7</key>
		<dict>
			<key>isa</key>
			<string>PBXFileReference</string>
			<key>lastKnownFileType</key>
			<string>sourcecode.c.h</string>
			<key>path</key>
			<string>SimpleRemoteTests.h</string>
			<key>sourceTree</key>
			<string>&lt;group&gt;</string>
		</dict>
		<key>C76CFF8817462E0800F972B7</key>
		<dict>
			<key>isa</key>
			<string>PBXFileReference</string>
			<key>lastKnownFileType</key>
			<string>sourcecode.c.objc</string>
			<key>path</key>
			<string>SimpleRemoteTests.m</string>
			<key>sourceTree</key>
			<string>&lt;group&gt;</string>
		</dict>
		<key>C76CFF8917462E0800F972B7</key>
		<dict>
			<key>fileRef</key>
			<string>C76CFF8817462E0800F972B7</string>
			<key>isa</key>
			<string>PBXBuildFile</string>
		</dict>
		<key>C76CFF8A17462E0800F972B7</key>
		<dict>
			<key>buildSettings</key>
			<dict>
				<key>ALWAYS_SEARCH_USER_PATHS</key>
				<string>NO</string>
				<key>CLANG_CXX_LANGUAGE_STANDARD</key>
				<string>gnu++0x</string>
				<key>CLANG_CXX_LIBRARY</key>
				<string>libc++</string>
				<key>CLANG_ENABLE_OBJC_ARC</key>
				<string>YES</string>
				<key>CLANG_WARN_CONSTANT_CONVERSION</key>
				<string>YES</string>
				<key>CLANG_WARN_EMPTY_BODY</key>
				<string>YES</string>
				<key>CLANG_WARN_ENUM_CONVERSION</key>
				<string>YES</string>
				<key>CLANG_WARN_INT_CONVERSION</key>
				<string>YES</string>
				<key>CLANG_WARN__DUPLICATE_METHOD_MATCH</key>
				<string>YES</string>
				<key>CODE_SIGN_IDENTITY[sdk=iphoneos*]</key>
				<string>iPhone Developer</string>
				<key>COPY_PHASE_STRIP</key>
				<string>NO</string>
				<key>GCC_C_LANGUAGE_STANDARD</key>
				<string>gnu99</string>
				<key>GCC_DYNAMIC_NO_PIC</key>
				<string>NO</string>
				<key>GCC_OPTIMIZATION_LEVEL</key>
				<string>0</string>
				<key>GCC_PREPROCESSOR_DEFINITIONS</key>
				<array>
					<string>DEBUG=1</string>
					<string>$(inherited)</string>
				</array>
				<key>GCC_SYMBOLS_PRIVATE_EXTERN</key>
				<string>NO</string>
				<key>GCC_WARN_ABOUT_RETURN_TYPE</key>
				<string>YES</string>
				<key>GCC_WARN_UNINITIALIZED_AUTOS</key>
				<string>YES</string>
				<key>GCC_WARN_UNUSED_VARIABLE</key>
				<string>YES</string>
				<key>IPHONEOS_DEPLOYMENT_TARGET</key>
				<string>6.1</string>
				<key>ONLY_ACTIVE_ARCH</key>
				<string>YES</string>
				<key>SDKROOT</key>
				<string>iphoneos</string>
			</dict>
			<key>isa</key>
			<string>XCBuildConfiguration</string>
			<key>name</key>
			<string>Debug</string>
		</dict>
		<key>C76CFF8B17462E0800F972B7</key>
		<dict>
			<key>buildSettings</key>
			<dict>
				<key>ALWAYS_SEARCH_USER_PATHS</key>
				<string>NO</string>
				<key>CLANG_CXX_LANGUAGE_STANDARD</key>
				<string>gnu++0x</string>
				<key>CLANG_CXX_LIBRARY</key>
				<string>libc++</string>
				<key>CLANG_ENABLE_OBJC_ARC</key>
				<string>YES</string>
				<key>CLANG_WARN_CONSTANT_CONVERSION</key>
				<string>YES</string>
				<key>CLANG_WARN_EMPTY_BODY</key>
				<string>YES</string>
				<key>CLANG_WARN_ENUM_CONVERSION</key>
				<string>YES</string>
				<key>CLANG_WARN_INT_CONVERSION</key>
				<string>YES</string>
				<key>CLANG_WARN__DUPLICATE_METHOD_MATCH</key>
				<string>YES</string>
				<key>CODE_SIGN_IDENTITY[sdk=iphoneos*]</key>
				<string>iPhone Developer</string>
				<key>COPY_PHASE_STRIP</key>
				<string>YES</string>
				<key>GCC_C_LANGUAGE_STANDARD</key>
				<string>gnu99</string>
				<key>GCC_WARN_ABOUT_RETURN_TYPE</key>
				<string>YES</string>
				<key>GCC_WARN_UNINITIALIZED_AUTOS</key>
				<string>YES</string>
				<key>GCC_WARN_UNUSED_VARIABLE</key>
				<string>YES</string>
				<key>IPHONEOS_DEPLOYMENT_TARGET</key>
				<string>6.1</string>
				<key>OTHER_CFLAGS</key>
				<string>-DNS_BLOCK_ASSERTIONS=1</string>
				<key>SDKROOT</key>
				<string>iphoneos</string>
				<key>VALIDATE_PRODUCT</key>
				<string>YES</string>
			</dict>
			<key>isa</key>
			<string>XCBuildConfiguration</string>
			<key>name</key>
			<string>Release</string>
		</dict>
		<key>C76CFF8C17462E0800F972B7</key>
		<dict>
			<key>buildConfigurations</key>
			<array>
				<string>C76CFF8D17462E0800F972B7</string>
				<string>C76CFF8E17462E0800F972B7</string>
			</array>
			<key>defaultConfigurationIsVisible</key>
			<string>0</string>
			<key>defaultConfigurationName</key>
			<string>Release</string>
			<key>isa</key>
			<string>XCConfigurationList</string>
		</dict>
		<key>C76CFF8D17462E0800F972B7</key>
		<dict>
			<key>baseConfigurationReference</key>
			<string>F43C45BF1E2043DB92F41E70</string>
			<key>buildSettings</key>
			<dict>
				<key>GCC_PRECOMPILE_PREFIX_HEADER</key>
				<string>YES</string>
				<key>GCC_PREFIX_HEADER</key>
				<string>SimpleRemote/SimpleRemote-Prefix.pch</string>
				<key>INFOPLIST_FILE</key>
				<string>SimpleRemote/SimpleRemote-Info.plist</string>
				<key>LIBRARY_SEARCH_PATHS</key>
				<array>
					<string>$(inherited)</string>
					<string>"$(SRCROOT)/../../../../Library/Developer/Xcode/DerivedData/IRKit-emamwwlqmnxfxtgrgkmfdnmdrehd/Build/Products/Debug-iphoneos"</string>
				</array>
				<key>PRODUCT_NAME</key>
				<string>$(TARGET_NAME)</string>
				<key>WRAPPER_EXTENSION</key>
				<string>app</string>
			</dict>
			<key>isa</key>
			<string>XCBuildConfiguration</string>
			<key>name</key>
			<string>Debug</string>
		</dict>
		<key>C76CFF8E17462E0800F972B7</key>
		<dict>
			<key>baseConfigurationReference</key>
			<string>F43C45BF1E2043DB92F41E70</string>
			<key>buildSettings</key>
			<dict>
				<key>GCC_PRECOMPILE_PREFIX_HEADER</key>
				<string>YES</string>
				<key>GCC_PREFIX_HEADER</key>
				<string>SimpleRemote/SimpleRemote-Prefix.pch</string>
				<key>INFOPLIST_FILE</key>
				<string>SimpleRemote/SimpleRemote-Info.plist</string>
				<key>LIBRARY_SEARCH_PATHS</key>
				<array>
					<string>$(inherited)</string>
					<string>"$(SRCROOT)/../../../../Library/Developer/Xcode/DerivedData/IRKit-emamwwlqmnxfxtgrgkmfdnmdrehd/Build/Products/Debug-iphoneos"</string>
				</array>
				<key>PRODUCT_NAME</key>
				<string>$(TARGET_NAME)</string>
				<key>WRAPPER_EXTENSION</key>
				<string>app</string>
			</dict>
			<key>isa</key>
			<string>XCBuildConfiguration</string>
			<key>name</key>
			<string>Release</string>
		</dict>
		<key>C76CFF8F17462E0800F972B7</key>
		<dict>
			<key>buildConfigurations</key>
			<array>
				<string>C76CFF9017462E0800F972B7</string>
				<string>C76CFF9117462E0800F972B7</string>
			</array>
			<key>defaultConfigurationIsVisible</key>
			<string>0</string>
			<key>defaultConfigurationName</key>
			<string>Release</string>
			<key>isa</key>
			<string>XCConfigurationList</string>
		</dict>
		<key>C76CFF9017462E0800F972B7</key>
		<dict>
			<key>buildSettings</key>
			<dict>
				<key>BUNDLE_LOADER</key>
				<string>$(BUILT_PRODUCTS_DIR)/SimpleRemote.app/SimpleRemote</string>
				<key>FRAMEWORK_SEARCH_PATHS</key>
				<array>
					<string>"$(SDKROOT)/Developer/Library/Frameworks"</string>
					<string>"$(DEVELOPER_LIBRARY_DIR)/Frameworks"</string>
				</array>
				<key>GCC_PRECOMPILE_PREFIX_HEADER</key>
				<string>YES</string>
				<key>GCC_PREFIX_HEADER</key>
				<string>SimpleRemote/SimpleRemote-Prefix.pch</string>
				<key>INFOPLIST_FILE</key>
				<string>SimpleRemoteTests/SimpleRemoteTests-Info.plist</string>
				<key>PRODUCT_NAME</key>
				<string>$(TARGET_NAME)</string>
				<key>TEST_HOST</key>
				<string>$(BUNDLE_LOADER)</string>
				<key>WRAPPER_EXTENSION</key>
				<string>octest</string>
			</dict>
			<key>isa</key>
			<string>XCBuildConfiguration</string>
			<key>name</key>
			<string>Debug</string>
		</dict>
		<key>C76CFF9117462E0800F972B7</key>
		<dict>
			<key>buildSettings</key>
			<dict>
				<key>BUNDLE_LOADER</key>
				<string>$(BUILT_PRODUCTS_DIR)/SimpleRemote.app/SimpleRemote</string>
				<key>FRAMEWORK_SEARCH_PATHS</key>
				<array>
					<string>"$(SDKROOT)/Developer/Library/Frameworks"</string>
					<string>"$(DEVELOPER_LIBRARY_DIR)/Frameworks"</string>
				</array>
				<key>GCC_PRECOMPILE_PREFIX_HEADER</key>
				<string>YES</string>
				<key>GCC_PREFIX_HEADER</key>
				<string>SimpleRemote/SimpleRemote-Prefix.pch</string>
				<key>INFOPLIST_FILE</key>
				<string>SimpleRemoteTests/SimpleRemoteTests-Info.plist</string>
				<key>PRODUCT_NAME</key>
				<string>$(TARGET_NAME)</string>
				<key>TEST_HOST</key>
				<string>$(BUNDLE_LOADER)</string>
				<key>WRAPPER_EXTENSION</key>
				<string>octest</string>
			</dict>
			<key>isa</key>
			<string>XCBuildConfiguration</string>
			<key>name</key>
			<string>Release</string>
		</dict>
		<key>C79DE3CA176F27870088679E</key>
		<dict>
			<key>isa</key>
			<string>PBXFileReference</string>
			<key>lastKnownFileType</key>
			<string>wrapper.plug-in</string>
			<key>name</key>
			<string>IRKitResources.bundle</string>
			<key>path</key>
			<string>../../../../Library/Developer/Xcode/DerivedData/IRKit-emamwwlqmnxfxtgrgkmfdnmdrehd/Build/Products/Debug-iphoneos/IRKitResources.bundle</string>
			<key>sourceTree</key>
			<string>&lt;group&gt;</string>
		</dict>
		<key>C79DE3CB176F27870088679E</key>
		<dict>
			<key>fileRef</key>
			<string>C79DE3CA176F27870088679E</string>
			<key>isa</key>
			<string>PBXBuildFile</string>
		</dict>
		<key>C7C0DB7E1781D2DA00AECAC2</key>
		<dict>
			<key>isa</key>
			<string>PBXFileReference</string>
			<key>lastKnownFileType</key>
			<string>image.png</string>
			<key>path</key>
			<string>gear@2x.png</string>
			<key>sourceTree</key>
			<string>&lt;group&gt;</string>
		</dict>
		<key>C7C0DB7F1781D2DA00AECAC2</key>
		<dict>
			<key>isa</key>
			<string>PBXFileReference</string>
			<key>lastKnownFileType</key>
			<string>image.png</string>
			<key>path</key>
			<string>gear.png</string>
			<key>sourceTree</key>
			<string>&lt;group&gt;</string>
		</dict>
		<key>C7C0DB801781D2DA00AECAC2</key>
		<dict>
			<key>fileRef</key>
			<string>C7C0DB7E1781D2DA00AECAC2</string>
			<key>isa</key>
			<string>PBXBuildFile</string>
		</dict>
		<key>C7C0DB811781D2DA00AECAC2</key>
		<dict>
			<key>fileRef</key>
			<string>C7C0DB7F1781D2DA00AECAC2</string>
			<key>isa</key>
			<string>PBXBuildFile</string>
		</dict>
		<key>C7C0DB8217825B9F00AECAC2</key>
		<dict>
			<key>isa</key>
			<string>PBXFileReference</string>
			<key>lastKnownFileType</key>
			<string>image.png</string>
			<key>path</key>
			<string>icon@2x.png</string>
			<key>sourceTree</key>
			<string>&lt;group&gt;</string>
		</dict>
		<key>C7C0DB8317825B9F00AECAC2</key>
		<dict>
			<key>isa</key>
			<string>PBXFileReference</string>
			<key>lastKnownFileType</key>
			<string>image.png</string>
			<key>path</key>
			<string>icon.png</string>
			<key>sourceTree</key>
			<string>&lt;group&gt;</string>
		</dict>
		<key>C7C0DB8417825B9F00AECAC2</key>
		<dict>
			<key>fileRef</key>
			<string>C7C0DB8217825B9F00AECAC2</string>
			<key>isa</key>
			<string>PBXBuildFile</string>
		</dict>
		<key>C7C0DB8517825B9F00AECAC2</key>
		<dict>
			<key>fileRef</key>
			<string>C7C0DB8317825B9F00AECAC2</string>
			<key>isa</key>
			<string>PBXBuildFile</string>
		</dict>
		<key>C7FAB00617462FC100125BCB</key>
		<dict>
			<key>isa</key>
			<string>PBXFileReference</string>
			<key>lastKnownFileType</key>
			<string>archive.ar</string>
			<key>name</key>
			<string>libIRKit.a</string>
			<key>path</key>
			<string>../../../../Library/Developer/Xcode/DerivedData/IRKit-emamwwlqmnxfxtgrgkmfdnmdrehd/Build/Products/Debug-iphoneos/libIRKit.a</string>
			<key>sourceTree</key>
			<string>&lt;group&gt;</string>
		</dict>
		<key>C7FAB00717462FC100125BCB</key>
		<dict>
			<key>fileRef</key>
			<string>C7FAB00617462FC100125BCB</string>
			<key>isa</key>
			<string>PBXBuildFile</string>
		</dict>
		<key>C7FAB00B1746481700125BCB</key>
		<dict>
			<key>fileEncoding</key>
			<string>4</string>
			<key>isa</key>
			<string>PBXFileReference</string>
			<key>lastKnownFileType</key>
			<string>sourcecode.c.h</string>
			<key>path</key>
			<string>Log.h</string>
			<key>sourceTree</key>
			<string>&lt;group&gt;</string>
		</dict>
		<key>C7FAB00E17464AB900125BCB</key>
		<dict>
			<key>fileEncoding</key>
			<string>4</string>
			<key>isa</key>
			<string>PBXFileReference</string>
			<key>lastKnownFileType</key>
			<string>sourcecode.c.objc</string>
			<key>path</key>
			<string>Log.m</string>
			<key>sourceTree</key>
			<string>&lt;group&gt;</string>
		</dict>
		<key>C7FAB00F17464ABA00125BCB</key>
		<dict>
			<key>fileRef</key>
			<string>C7FAB00E17464AB900125BCB</string>
			<key>isa</key>
			<string>PBXBuildFile</string>
		</dict>
		<key>C7FAB02317467D6800125BCB</key>
		<dict>
			<key>isa</key>
			<string>PBXFileReference</string>
			<key>lastKnownFileType</key>
			<string>wrapper.framework</string>
			<key>name</key>
			<string>CoreBluetooth.framework</string>
			<key>path</key>
			<string>System/Library/Frameworks/CoreBluetooth.framework</string>
			<key>sourceTree</key>
			<string>SDKROOT</string>
		</dict>
		<key>C7FAB02417467D6800125BCB</key>
		<dict>
			<key>fileRef</key>
			<string>C7FAB02317467D6800125BCB</string>
			<key>isa</key>
			<string>PBXBuildFile</string>
		</dict>
		<key>F43C45BF1E2043DB92F41E70</key>
		<dict>
			<key>includeInIndex</key>
			<string>1</string>
			<key>isa</key>
			<string>PBXFileReference</string>
			<key>lastKnownFileType</key>
			<string>text.xcconfig</string>
			<key>name</key>
			<string>Pods.xcconfig</string>
			<key>path</key>
			<string>../Pods/Pods.xcconfig</string>
			<key>sourceTree</key>
			<string>SOURCE_ROOT</string>
		</dict>
		<key>F7E382FE4DAE4B449260F45C</key>
		<dict>
			<key>buildActionMask</key>
			<string>2147483647</string>
			<key>files</key>
			<array/>
			<key>inputPaths</key>
			<array/>
			<key>isa</key>
			<string>PBXShellScriptBuildPhase</string>
			<key>name</key>
			<string>Check Pods Manifest.lock</string>
			<key>outputPaths</key>
			<array/>
			<key>runOnlyForDeploymentPostprocessing</key>
			<string>0</string>
			<key>shellPath</key>
			<string>/bin/sh</string>
			<key>shellScript</key>
			<string>diff "${PODS_ROOT}/../Podfile.lock" "${PODS_ROOT}/Manifest.lock" &gt; /dev/null
if [[ $? != 0 ]] ; then
    cat &lt;&lt; EOM
error: The sandbox is not in sync with the Podfile.lock. Run 'pod install' or update your CocoaPods installation.
EOM
    exit 1
fi
</string>
			<key>showEnvVarsInLog</key>
			<string>1</string>
		</dict>
	</dict>
	<key>rootObject</key>
	<string>C76CFF4917462E0800F972B7</string>
</dict>
</plist>
